
Microsoft Visual Studio Solution File, Format Version 12.00
# Visual Studio Version 17
VisualStudioVersion = 17.13.35806.99 d17.13
MinimumVisualStudioVersion = 10.0.40219.1
Project("{FAE04EC0-301F-11D3-BF4B-00C04F79EFBC}") = "nilnul.num._quotient_._TEST_", "nilnul.num._quotient_._TEST_.csproj", "{55626858-DF4B-43F6-83FB-C346E0E84E53}"
EndProject
Project("{FAE04EC0-301F-11D3-BF4B-00C04F79EFBC}") = "nilnul.num._quotient_._LIB_", "..\_LIB_\nilnul.num._quotient_._LIB_.csproj", "{86A36C4B-BEDB-422E-AE65-5ACE98C5DF23}"
EndProject
Project("{2150E333-8FDC-42A3-9474-1A3956D46DE8}") = "NewFolder1", "NewFolder1", "{02EA681E-C7D8-13C7-8484-4AC65E1B71E8}"
EndProject
Global
	GlobalSection(SolutionConfigurationPlatforms) = preSolution
		Debug|Any CPU = Debug|Any CPU
		Release|Any CPU = Release|Any CPU
	EndGlobalSection
	GlobalSection(ProjectConfigurationPlatforms) = postSolution
		{55626858-DF4B-43F6-83FB-C346E0E84E53}.Debug|Any CPU.ActiveCfg = Debug|Any CPU
		{55626858-DF4B-43F6-83FB-C346E0E84E53}.Debug|Any CPU.Build.0 = Debug|Any CPU
		{55626858-DF4B-43F6-83FB-C346E0E84E53}.Release|Any CPU.ActiveCfg = Release|Any CPU
		{55626858-DF4B-43F6-83FB-C346E0E84E53}.Release|Any CPU.Build.0 = Release|Any CPU
		{86A36C4B-BEDB-422E-AE65-5ACE98C5DF23}.Debug|Any CPU.ActiveCfg = Debug|Any CPU
		{86A36C4B-BEDB-422E-AE65-5ACE98C5DF23}.Debug|Any CPU.Build.0 = Debug|Any CPU
		{86A36C4B-BEDB-422E-AE65-5ACE98C5DF23}.Release|Any CPU.ActiveCfg = Release|Any CPU
		{86A36C4B-BEDB-422E-AE65-5ACE98C5DF23}.Release|Any CPU.Build.0 = Release|Any CPU
	EndGlobalSection
	GlobalSection(SolutionProperties) = preSolution
		HideSolutionNode = FALSE
	EndGlobalSection
	GlobalSection(NestedProjects) = preSolution
		{86A36C4B-BEDB-422E-AE65-5ACE98C5DF23} = {02EA681E-C7D8-13C7-8484-4AC65E1B71E8}
	EndGlobalSection
	GlobalSection(ExtensibilityGlobals) = postSolution
		SolutionGuid = {881D65D7-0CF4-49A0-A851-9C47900755A3}
	EndGlobalSection
EndGlobal
