
Microsoft Visual Studio Solution File, Format Version 12.00
# Visual Studio Version 17
VisualStudioVersion = 17.4.33110.190
MinimumVisualStudioVersion = 10.0.40219.1
Project("{FAE04EC0-301F-11D3-BF4B-00C04F79EFBC}") = "nilnul.num._quotient_._TEST_", "nilnul.num._quotient_._TEST_.csproj", "{1CD7C301-1BED-45FA-9FF9-EB3B86B0851D}"
EndProject
Project("{2150E333-8FDC-42A3-9474-1A3956D46DE8}") = "888.dll", "888.dll", "{28E300A6-D5C1-42AA-B55E-DF428577349B}"
EndProject
Project("{FAE04EC0-301F-11D3-BF4B-00C04F79EFBC}") = "nilnul.num._quotient_._LIB_", "..\_LIB_\nilnul.num._quotient_._LIB_.csproj", "{86A36C4B-BEDB-422E-AE65-5ACE98C5DF23}"
EndProject
Project("{2150E333-8FDC-42A3-9474-1A3956D46DE8}") = "NewFolder1", "NewFolder1", "{ADB52F0B-7649-4869-B8EE-54E9866A4F66}"
EndProject
Project("{FAE04EC0-301F-11D3-BF4B-00C04F79EFBC}") = "nilnul._obj_._LIB_", "..\..\nilnul._obj_\_LIB_\nilnul._obj_._LIB_.csproj", "{04F7924B-1268-4514-B3B7-EE563C7A8E15}"
EndProject
Project("{FAE04EC0-301F-11D3-BF4B-00C04F79EFBC}") = "nilnul._num_._LIB_", "..\..\nilnul._num_\_LIB_\nilnul._num_._LIB_.csproj", "{7891FCE6-DB13-424C-8D10-4E7E816C5743}"
EndProject
Project("{FAE04EC0-301F-11D3-BF4B-00C04F79EFBC}") = "nilnul.num._integer_._LIB_", "..\..\nilnul.num._integer_\_LIB_\nilnul.num._integer_._LIB_.csproj", "{0BF40E22-974E-409B-9675-943B6E155D48}"
EndProject
Project("{2150E333-8FDC-42A3-9474-1A3956D46DE8}") = "NewFolder1", "NewFolder1", "{ECD0B01B-087D-4CE5-ABF2-5610AC770CEB}"
EndProject
Global
	GlobalSection(SolutionConfigurationPlatforms) = preSolution
		_Temp|Any CPU = _Temp|Any CPU
		_Temp|Mixed Platforms = _Temp|Mixed Platforms
		_Temp|x86 = _Temp|x86
		Debug|Any CPU = Debug|Any CPU
		Debug|Mixed Platforms = Debug|Mixed Platforms
		Debug|x86 = Debug|x86
		debug2pub|Any CPU = debug2pub|Any CPU
		debug2pub|Mixed Platforms = debug2pub|Mixed Platforms
		debug2pub|x86 = debug2pub|x86
		Dev2nuget|Any CPU = Dev2nuget|Any CPU
		Dev2nuget|Mixed Platforms = Dev2nuget|Mixed Platforms
		Dev2nuget|x86 = Dev2nuget|x86
		git|Any CPU = git|Any CPU
		git|Mixed Platforms = git|Mixed Platforms
		git|x86 = git|x86
		hbue__deptS_ccpOrg___release|Any CPU = hbue__deptS_ccpOrg___release|Any CPU
		hbue__deptS_ccpOrg___release|Mixed Platforms = hbue__deptS_ccpOrg___release|Mixed Platforms
		hbue__deptS_ccpOrg___release|x86 = hbue__deptS_ccpOrg___release|x86
		hbue__deptS_ccpOrg|Any CPU = hbue__deptS_ccpOrg|Any CPU
		hbue__deptS_ccpOrg|Mixed Platforms = hbue__deptS_ccpOrg|Mixed Platforms
		hbue__deptS_ccpOrg|x86 = hbue__deptS_ccpOrg|x86
		Hbue40|Any CPU = Hbue40|Any CPU
		Hbue40|Mixed Platforms = Hbue40|Mixed Platforms
		Hbue40|x86 = Hbue40|x86
		Nuget|Any CPU = Nuget|Any CPU
		Nuget|Mixed Platforms = Nuget|Mixed Platforms
		Nuget|x86 = Nuget|x86
		PreferChinese|Any CPU = PreferChinese|Any CPU
		PreferChinese|Mixed Platforms = PreferChinese|Mixed Platforms
		PreferChinese|x86 = PreferChinese|x86
		Release_PreferChinese|Any CPU = Release_PreferChinese|Any CPU
		Release_PreferChinese|Mixed Platforms = Release_PreferChinese|Mixed Platforms
		Release_PreferChinese|x86 = Release_PreferChinese|x86
		Release|Any CPU = Release|Any CPU
		Release|Mixed Platforms = Release|Mixed Platforms
		Release|x86 = Release|x86
		Sym2local|Any CPU = Sym2local|Any CPU
		Sym2local|Mixed Platforms = Sym2local|Mixed Platforms
		Sym2local|x86 = Sym2local|x86
		Sym2nuget|Any CPU = Sym2nuget|Any CPU
		Sym2nuget|Mixed Platforms = Sym2nuget|Mixed Platforms
		Sym2nuget|x86 = Sym2nuget|x86
		Symbol|Any CPU = Symbol|Any CPU
		Symbol|Mixed Platforms = Symbol|Mixed Platforms
		Symbol|x86 = Symbol|x86
		Symbols4Debug|Any CPU = Symbols4Debug|Any CPU
		Symbols4Debug|Mixed Platforms = Symbols4Debug|Mixed Platforms
		Symbols4Debug|x86 = Symbols4Debug|x86
		test_release|Any CPU = test_release|Any CPU
		test_release|Mixed Platforms = test_release|Mixed Platforms
		test_release|x86 = test_release|x86
		TRIAL|Any CPU = TRIAL|Any CPU
		TRIAL|Mixed Platforms = TRIAL|Mixed Platforms
		TRIAL|x86 = TRIAL|x86
		Try|Any CPU = Try|Any CPU
		Try|Mixed Platforms = Try|Mixed Platforms
		Try|x86 = Try|x86
		TryR|Any CPU = TryR|Any CPU
		TryR|Mixed Platforms = TryR|Mixed Platforms
		TryR|x86 = TryR|x86
	EndGlobalSection
	GlobalSection(ProjectConfigurationPlatforms) = postSolution
		{1CD7C301-1BED-45FA-9FF9-EB3B86B0851D}._Temp|Any CPU.ActiveCfg = Release|Any CPU
		{1CD7C301-1BED-45FA-9FF9-EB3B86B0851D}._Temp|Any CPU.Build.0 = Release|Any CPU
		{1CD7C301-1BED-45FA-9FF9-EB3B86B0851D}._Temp|Mixed Platforms.ActiveCfg = Release|Any CPU
		{1CD7C301-1BED-45FA-9FF9-EB3B86B0851D}._Temp|Mixed Platforms.Build.0 = Release|Any CPU
		{1CD7C301-1BED-45FA-9FF9-EB3B86B0851D}._Temp|x86.ActiveCfg = Release|Any CPU
		{1CD7C301-1BED-45FA-9FF9-EB3B86B0851D}.Debug|Any CPU.ActiveCfg = Debug|Any CPU
		{1CD7C301-1BED-45FA-9FF9-EB3B86B0851D}.Debug|Any CPU.Build.0 = Debug|Any CPU
		{1CD7C301-1BED-45FA-9FF9-EB3B86B0851D}.Debug|Mixed Platforms.ActiveCfg = Debug|Any CPU
		{1CD7C301-1BED-45FA-9FF9-EB3B86B0851D}.Debug|Mixed Platforms.Build.0 = Debug|Any CPU
		{1CD7C301-1BED-45FA-9FF9-EB3B86B0851D}.Debug|x86.ActiveCfg = Debug|Any CPU
		{1CD7C301-1BED-45FA-9FF9-EB3B86B0851D}.debug2pub|Any CPU.ActiveCfg = Debug|Any CPU
		{1CD7C301-1BED-45FA-9FF9-EB3B86B0851D}.debug2pub|Any CPU.Build.0 = Debug|Any CPU
		{1CD7C301-1BED-45FA-9FF9-EB3B86B0851D}.debug2pub|Mixed Platforms.ActiveCfg = Debug|Any CPU
		{1CD7C301-1BED-45FA-9FF9-EB3B86B0851D}.debug2pub|Mixed Platforms.Build.0 = Debug|Any CPU
		{1CD7C301-1BED-45FA-9FF9-EB3B86B0851D}.debug2pub|x86.ActiveCfg = Debug|Any CPU
		{1CD7C301-1BED-45FA-9FF9-EB3B86B0851D}.debug2pub|x86.Build.0 = Debug|Any CPU
		{1CD7C301-1BED-45FA-9FF9-EB3B86B0851D}.Dev2nuget|Any CPU.ActiveCfg = Dev2nuget|Any CPU
		{1CD7C301-1BED-45FA-9FF9-EB3B86B0851D}.Dev2nuget|Any CPU.Build.0 = Dev2nuget|Any CPU
		{1CD7C301-1BED-45FA-9FF9-EB3B86B0851D}.Dev2nuget|Mixed Platforms.ActiveCfg = Dev2nuget|Any CPU
		{1CD7C301-1BED-45FA-9FF9-EB3B86B0851D}.Dev2nuget|Mixed Platforms.Build.0 = Dev2nuget|Any CPU
		{1CD7C301-1BED-45FA-9FF9-EB3B86B0851D}.Dev2nuget|x86.ActiveCfg = Dev2nuget|Any CPU
		{1CD7C301-1BED-45FA-9FF9-EB3B86B0851D}.Dev2nuget|x86.Build.0 = Dev2nuget|Any CPU
		{1CD7C301-1BED-45FA-9FF9-EB3B86B0851D}.git|Any CPU.ActiveCfg = TryR|Any CPU
		{1CD7C301-1BED-45FA-9FF9-EB3B86B0851D}.git|Any CPU.Build.0 = TryR|Any CPU
		{1CD7C301-1BED-45FA-9FF9-EB3B86B0851D}.git|Mixed Platforms.ActiveCfg = TryR|Any CPU
		{1CD7C301-1BED-45FA-9FF9-EB3B86B0851D}.git|Mixed Platforms.Build.0 = TryR|Any CPU
		{1CD7C301-1BED-45FA-9FF9-EB3B86B0851D}.git|x86.ActiveCfg = TryR|Any CPU
		{1CD7C301-1BED-45FA-9FF9-EB3B86B0851D}.git|x86.Build.0 = TryR|Any CPU
		{1CD7C301-1BED-45FA-9FF9-EB3B86B0851D}.hbue__deptS_ccpOrg___release|Any CPU.ActiveCfg = Debug|Any CPU
		{1CD7C301-1BED-45FA-9FF9-EB3B86B0851D}.hbue__deptS_ccpOrg___release|Any CPU.Build.0 = Debug|Any CPU
		{1CD7C301-1BED-45FA-9FF9-EB3B86B0851D}.hbue__deptS_ccpOrg___release|Mixed Platforms.ActiveCfg = Debug|Any CPU
		{1CD7C301-1BED-45FA-9FF9-EB3B86B0851D}.hbue__deptS_ccpOrg___release|Mixed Platforms.Build.0 = Debug|Any CPU
		{1CD7C301-1BED-45FA-9FF9-EB3B86B0851D}.hbue__deptS_ccpOrg___release|x86.ActiveCfg = Debug|Any CPU
		{1CD7C301-1BED-45FA-9FF9-EB3B86B0851D}.hbue__deptS_ccpOrg___release|x86.Build.0 = Debug|Any CPU
		{1CD7C301-1BED-45FA-9FF9-EB3B86B0851D}.hbue__deptS_ccpOrg|Any CPU.ActiveCfg = Debug|Any CPU
		{1CD7C301-1BED-45FA-9FF9-EB3B86B0851D}.hbue__deptS_ccpOrg|Any CPU.Build.0 = Debug|Any CPU
		{1CD7C301-1BED-45FA-9FF9-EB3B86B0851D}.hbue__deptS_ccpOrg|Mixed Platforms.ActiveCfg = Debug|Any CPU
		{1CD7C301-1BED-45FA-9FF9-EB3B86B0851D}.hbue__deptS_ccpOrg|Mixed Platforms.Build.0 = Debug|Any CPU
		{1CD7C301-1BED-45FA-9FF9-EB3B86B0851D}.hbue__deptS_ccpOrg|x86.ActiveCfg = Debug|Any CPU
		{1CD7C301-1BED-45FA-9FF9-EB3B86B0851D}.hbue__deptS_ccpOrg|x86.Build.0 = Debug|Any CPU
		{1CD7C301-1BED-45FA-9FF9-EB3B86B0851D}.Hbue40|Any CPU.ActiveCfg = Debug|Any CPU
		{1CD7C301-1BED-45FA-9FF9-EB3B86B0851D}.Hbue40|Any CPU.Build.0 = Debug|Any CPU
		{1CD7C301-1BED-45FA-9FF9-EB3B86B0851D}.Hbue40|Mixed Platforms.ActiveCfg = Debug|Any CPU
		{1CD7C301-1BED-45FA-9FF9-EB3B86B0851D}.Hbue40|Mixed Platforms.Build.0 = Debug|Any CPU
		{1CD7C301-1BED-45FA-9FF9-EB3B86B0851D}.Hbue40|x86.ActiveCfg = Debug|Any CPU
		{1CD7C301-1BED-45FA-9FF9-EB3B86B0851D}.Hbue40|x86.Build.0 = Debug|Any CPU
		{1CD7C301-1BED-45FA-9FF9-EB3B86B0851D}.Nuget|Any CPU.ActiveCfg = TryR|Any CPU
		{1CD7C301-1BED-45FA-9FF9-EB3B86B0851D}.Nuget|Any CPU.Build.0 = TryR|Any CPU
		{1CD7C301-1BED-45FA-9FF9-EB3B86B0851D}.Nuget|Mixed Platforms.ActiveCfg = TryR|Any CPU
		{1CD7C301-1BED-45FA-9FF9-EB3B86B0851D}.Nuget|Mixed Platforms.Build.0 = TryR|Any CPU
		{1CD7C301-1BED-45FA-9FF9-EB3B86B0851D}.Nuget|x86.ActiveCfg = TryR|Any CPU
		{1CD7C301-1BED-45FA-9FF9-EB3B86B0851D}.Nuget|x86.Build.0 = TryR|Any CPU
		{1CD7C301-1BED-45FA-9FF9-EB3B86B0851D}.PreferChinese|Any CPU.ActiveCfg = Debug|Any CPU
		{1CD7C301-1BED-45FA-9FF9-EB3B86B0851D}.PreferChinese|Any CPU.Build.0 = Debug|Any CPU
		{1CD7C301-1BED-45FA-9FF9-EB3B86B0851D}.PreferChinese|Mixed Platforms.ActiveCfg = Debug|Any CPU
		{1CD7C301-1BED-45FA-9FF9-EB3B86B0851D}.PreferChinese|Mixed Platforms.Build.0 = Debug|Any CPU
		{1CD7C301-1BED-45FA-9FF9-EB3B86B0851D}.PreferChinese|x86.ActiveCfg = Debug|Any CPU
		{1CD7C301-1BED-45FA-9FF9-EB3B86B0851D}.PreferChinese|x86.Build.0 = Debug|Any CPU
		{1CD7C301-1BED-45FA-9FF9-EB3B86B0851D}.Release_PreferChinese|Any CPU.ActiveCfg = Release|Any CPU
		{1CD7C301-1BED-45FA-9FF9-EB3B86B0851D}.Release_PreferChinese|Any CPU.Build.0 = Release|Any CPU
		{1CD7C301-1BED-45FA-9FF9-EB3B86B0851D}.Release_PreferChinese|Mixed Platforms.ActiveCfg = Release|Any CPU
		{1CD7C301-1BED-45FA-9FF9-EB3B86B0851D}.Release_PreferChinese|Mixed Platforms.Build.0 = Release|Any CPU
		{1CD7C301-1BED-45FA-9FF9-EB3B86B0851D}.Release_PreferChinese|x86.ActiveCfg = Release|Any CPU
		{1CD7C301-1BED-45FA-9FF9-EB3B86B0851D}.Release_PreferChinese|x86.Build.0 = Release|Any CPU
		{1CD7C301-1BED-45FA-9FF9-EB3B86B0851D}.Release|Any CPU.ActiveCfg = Release|Any CPU
		{1CD7C301-1BED-45FA-9FF9-EB3B86B0851D}.Release|Any CPU.Build.0 = Release|Any CPU
		{1CD7C301-1BED-45FA-9FF9-EB3B86B0851D}.Release|Mixed Platforms.ActiveCfg = Release|Any CPU
		{1CD7C301-1BED-45FA-9FF9-EB3B86B0851D}.Release|Mixed Platforms.Build.0 = Release|Any CPU
		{1CD7C301-1BED-45FA-9FF9-EB3B86B0851D}.Release|x86.ActiveCfg = Release|Any CPU
		{1CD7C301-1BED-45FA-9FF9-EB3B86B0851D}.Sym2local|Any CPU.ActiveCfg = Symbols4Debug|Any CPU
		{1CD7C301-1BED-45FA-9FF9-EB3B86B0851D}.Sym2local|Any CPU.Build.0 = Symbols4Debug|Any CPU
		{1CD7C301-1BED-45FA-9FF9-EB3B86B0851D}.Sym2local|Mixed Platforms.ActiveCfg = Symbols4Debug|Any CPU
		{1CD7C301-1BED-45FA-9FF9-EB3B86B0851D}.Sym2local|Mixed Platforms.Build.0 = Symbols4Debug|Any CPU
		{1CD7C301-1BED-45FA-9FF9-EB3B86B0851D}.Sym2local|x86.ActiveCfg = Symbols4Debug|Any CPU
		{1CD7C301-1BED-45FA-9FF9-EB3B86B0851D}.Sym2local|x86.Build.0 = Symbols4Debug|Any CPU
		{1CD7C301-1BED-45FA-9FF9-EB3B86B0851D}.Sym2nuget|Any CPU.ActiveCfg = Sym2nuget|Any CPU
		{1CD7C301-1BED-45FA-9FF9-EB3B86B0851D}.Sym2nuget|Any CPU.Build.0 = Sym2nuget|Any CPU
		{1CD7C301-1BED-45FA-9FF9-EB3B86B0851D}.Sym2nuget|Mixed Platforms.ActiveCfg = Sym2nuget|Any CPU
		{1CD7C301-1BED-45FA-9FF9-EB3B86B0851D}.Sym2nuget|Mixed Platforms.Build.0 = Sym2nuget|Any CPU
		{1CD7C301-1BED-45FA-9FF9-EB3B86B0851D}.Sym2nuget|x86.ActiveCfg = Sym2nuget|Any CPU
		{1CD7C301-1BED-45FA-9FF9-EB3B86B0851D}.Sym2nuget|x86.Build.0 = Sym2nuget|Any CPU
		{1CD7C301-1BED-45FA-9FF9-EB3B86B0851D}.Symbol|Any CPU.ActiveCfg = Symbol|Any CPU
		{1CD7C301-1BED-45FA-9FF9-EB3B86B0851D}.Symbol|Any CPU.Build.0 = Symbol|Any CPU
		{1CD7C301-1BED-45FA-9FF9-EB3B86B0851D}.Symbol|Mixed Platforms.ActiveCfg = Symbol|Any CPU
		{1CD7C301-1BED-45FA-9FF9-EB3B86B0851D}.Symbol|Mixed Platforms.Build.0 = Symbol|Any CPU
		{1CD7C301-1BED-45FA-9FF9-EB3B86B0851D}.Symbol|x86.ActiveCfg = Symbol|Any CPU
		{1CD7C301-1BED-45FA-9FF9-EB3B86B0851D}.Symbol|x86.Build.0 = Symbol|Any CPU
		{1CD7C301-1BED-45FA-9FF9-EB3B86B0851D}.Symbols4Debug|Any CPU.ActiveCfg = Symbols4Debug|Any CPU
		{1CD7C301-1BED-45FA-9FF9-EB3B86B0851D}.Symbols4Debug|Any CPU.Build.0 = Symbols4Debug|Any CPU
		{1CD7C301-1BED-45FA-9FF9-EB3B86B0851D}.Symbols4Debug|Mixed Platforms.ActiveCfg = Symbols4Debug|Any CPU
		{1CD7C301-1BED-45FA-9FF9-EB3B86B0851D}.Symbols4Debug|Mixed Platforms.Build.0 = Symbols4Debug|Any CPU
		{1CD7C301-1BED-45FA-9FF9-EB3B86B0851D}.Symbols4Debug|x86.ActiveCfg = Symbols4Debug|Any CPU
		{1CD7C301-1BED-45FA-9FF9-EB3B86B0851D}.Symbols4Debug|x86.Build.0 = Symbols4Debug|Any CPU
		{1CD7C301-1BED-45FA-9FF9-EB3B86B0851D}.test_release|Any CPU.ActiveCfg = Debug|Any CPU
		{1CD7C301-1BED-45FA-9FF9-EB3B86B0851D}.test_release|Any CPU.Build.0 = Debug|Any CPU
		{1CD7C301-1BED-45FA-9FF9-EB3B86B0851D}.test_release|Mixed Platforms.ActiveCfg = Debug|Any CPU
		{1CD7C301-1BED-45FA-9FF9-EB3B86B0851D}.test_release|Mixed Platforms.Build.0 = Debug|Any CPU
		{1CD7C301-1BED-45FA-9FF9-EB3B86B0851D}.test_release|x86.ActiveCfg = Debug|Any CPU
		{1CD7C301-1BED-45FA-9FF9-EB3B86B0851D}.test_release|x86.Build.0 = Debug|Any CPU
		{1CD7C301-1BED-45FA-9FF9-EB3B86B0851D}.TRIAL|Any CPU.ActiveCfg = TryR|Any CPU
		{1CD7C301-1BED-45FA-9FF9-EB3B86B0851D}.TRIAL|Any CPU.Build.0 = TryR|Any CPU
		{1CD7C301-1BED-45FA-9FF9-EB3B86B0851D}.TRIAL|Mixed Platforms.ActiveCfg = TryR|Any CPU
		{1CD7C301-1BED-45FA-9FF9-EB3B86B0851D}.TRIAL|Mixed Platforms.Build.0 = TryR|Any CPU
		{1CD7C301-1BED-45FA-9FF9-EB3B86B0851D}.TRIAL|x86.ActiveCfg = TryR|Any CPU
		{1CD7C301-1BED-45FA-9FF9-EB3B86B0851D}.TRIAL|x86.Build.0 = TryR|Any CPU
		{1CD7C301-1BED-45FA-9FF9-EB3B86B0851D}.Try|Any CPU.ActiveCfg = Try|Any CPU
		{1CD7C301-1BED-45FA-9FF9-EB3B86B0851D}.Try|Any CPU.Build.0 = Try|Any CPU
		{1CD7C301-1BED-45FA-9FF9-EB3B86B0851D}.Try|Mixed Platforms.ActiveCfg = Try|Any CPU
		{1CD7C301-1BED-45FA-9FF9-EB3B86B0851D}.Try|Mixed Platforms.Build.0 = Try|Any CPU
		{1CD7C301-1BED-45FA-9FF9-EB3B86B0851D}.Try|x86.ActiveCfg = Try|Any CPU
		{1CD7C301-1BED-45FA-9FF9-EB3B86B0851D}.Try|x86.Build.0 = Try|Any CPU
		{1CD7C301-1BED-45FA-9FF9-EB3B86B0851D}.TryR|Any CPU.ActiveCfg = TryR|Any CPU
		{1CD7C301-1BED-45FA-9FF9-EB3B86B0851D}.TryR|Any CPU.Build.0 = TryR|Any CPU
		{1CD7C301-1BED-45FA-9FF9-EB3B86B0851D}.TryR|Mixed Platforms.ActiveCfg = TryR|Any CPU
		{1CD7C301-1BED-45FA-9FF9-EB3B86B0851D}.TryR|Mixed Platforms.Build.0 = TryR|Any CPU
		{1CD7C301-1BED-45FA-9FF9-EB3B86B0851D}.TryR|x86.ActiveCfg = TryR|Any CPU
		{1CD7C301-1BED-45FA-9FF9-EB3B86B0851D}.TryR|x86.Build.0 = TryR|Any CPU
		{86A36C4B-BEDB-422E-AE65-5ACE98C5DF23}._Temp|Any CPU.ActiveCfg = Hbue40|Any CPU
		{86A36C4B-BEDB-422E-AE65-5ACE98C5DF23}._Temp|Any CPU.Build.0 = Hbue40|Any CPU
		{86A36C4B-BEDB-422E-AE65-5ACE98C5DF23}._Temp|Mixed Platforms.ActiveCfg = Hbue40|Any CPU
		{86A36C4B-BEDB-422E-AE65-5ACE98C5DF23}._Temp|Mixed Platforms.Build.0 = Hbue40|Any CPU
		{86A36C4B-BEDB-422E-AE65-5ACE98C5DF23}._Temp|x86.ActiveCfg = Hbue40|Any CPU
		{86A36C4B-BEDB-422E-AE65-5ACE98C5DF23}._Temp|x86.Build.0 = Hbue40|Any CPU
		{86A36C4B-BEDB-422E-AE65-5ACE98C5DF23}.Debug|Any CPU.ActiveCfg = Debug|Any CPU
		{86A36C4B-BEDB-422E-AE65-5ACE98C5DF23}.Debug|Any CPU.Build.0 = Debug|Any CPU
		{86A36C4B-BEDB-422E-AE65-5ACE98C5DF23}.Debug|Mixed Platforms.ActiveCfg = Debug|Any CPU
		{86A36C4B-BEDB-422E-AE65-5ACE98C5DF23}.Debug|Mixed Platforms.Build.0 = Debug|Any CPU
		{86A36C4B-BEDB-422E-AE65-5ACE98C5DF23}.Debug|x86.ActiveCfg = Debug|Any CPU
		{86A36C4B-BEDB-422E-AE65-5ACE98C5DF23}.Debug|x86.Build.0 = Debug|Any CPU
		{86A36C4B-BEDB-422E-AE65-5ACE98C5DF23}.debug2pub|Any CPU.ActiveCfg = Debug|Any CPU
		{86A36C4B-BEDB-422E-AE65-5ACE98C5DF23}.debug2pub|Any CPU.Build.0 = Debug|Any CPU
		{86A36C4B-BEDB-422E-AE65-5ACE98C5DF23}.debug2pub|Mixed Platforms.ActiveCfg = Debug|Any CPU
		{86A36C4B-BEDB-422E-AE65-5ACE98C5DF23}.debug2pub|Mixed Platforms.Build.0 = Debug|Any CPU
		{86A36C4B-BEDB-422E-AE65-5ACE98C5DF23}.debug2pub|x86.ActiveCfg = Debug|Any CPU
		{86A36C4B-BEDB-422E-AE65-5ACE98C5DF23}.debug2pub|x86.Build.0 = Debug|Any CPU
		{86A36C4B-BEDB-422E-AE65-5ACE98C5DF23}.Dev2nuget|Any CPU.ActiveCfg = Dev2nuget|Any CPU
		{86A36C4B-BEDB-422E-AE65-5ACE98C5DF23}.Dev2nuget|Any CPU.Build.0 = Dev2nuget|Any CPU
		{86A36C4B-BEDB-422E-AE65-5ACE98C5DF23}.Dev2nuget|Mixed Platforms.ActiveCfg = Dev2nuget|Any CPU
		{86A36C4B-BEDB-422E-AE65-5ACE98C5DF23}.Dev2nuget|Mixed Platforms.Build.0 = Dev2nuget|Any CPU
		{86A36C4B-BEDB-422E-AE65-5ACE98C5DF23}.Dev2nuget|x86.ActiveCfg = Dev2nuget|Any CPU
		{86A36C4B-BEDB-422E-AE65-5ACE98C5DF23}.Dev2nuget|x86.Build.0 = Dev2nuget|Any CPU
		{86A36C4B-BEDB-422E-AE65-5ACE98C5DF23}.git|Any CPU.ActiveCfg = Nuget|Any CPU
		{86A36C4B-BEDB-422E-AE65-5ACE98C5DF23}.git|Any CPU.Build.0 = Nuget|Any CPU
		{86A36C4B-BEDB-422E-AE65-5ACE98C5DF23}.git|Mixed Platforms.ActiveCfg = Nuget|Any CPU
		{86A36C4B-BEDB-422E-AE65-5ACE98C5DF23}.git|Mixed Platforms.Build.0 = Nuget|Any CPU
		{86A36C4B-BEDB-422E-AE65-5ACE98C5DF23}.git|x86.ActiveCfg = Nuget|Any CPU
		{86A36C4B-BEDB-422E-AE65-5ACE98C5DF23}.git|x86.Build.0 = Nuget|Any CPU
		{86A36C4B-BEDB-422E-AE65-5ACE98C5DF23}.hbue__deptS_ccpOrg___release|Any CPU.ActiveCfg = Hbue40|Any CPU
		{86A36C4B-BEDB-422E-AE65-5ACE98C5DF23}.hbue__deptS_ccpOrg___release|Any CPU.Build.0 = Hbue40|Any CPU
		{86A36C4B-BEDB-422E-AE65-5ACE98C5DF23}.hbue__deptS_ccpOrg___release|Mixed Platforms.ActiveCfg = Hbue40|Any CPU
		{86A36C4B-BEDB-422E-AE65-5ACE98C5DF23}.hbue__deptS_ccpOrg___release|Mixed Platforms.Build.0 = Hbue40|Any CPU
		{86A36C4B-BEDB-422E-AE65-5ACE98C5DF23}.hbue__deptS_ccpOrg___release|x86.ActiveCfg = Hbue40|Any CPU
		{86A36C4B-BEDB-422E-AE65-5ACE98C5DF23}.hbue__deptS_ccpOrg___release|x86.Build.0 = Hbue40|Any CPU
		{86A36C4B-BEDB-422E-AE65-5ACE98C5DF23}.hbue__deptS_ccpOrg|Any CPU.ActiveCfg = Hbue40|Any CPU
		{86A36C4B-BEDB-422E-AE65-5ACE98C5DF23}.hbue__deptS_ccpOrg|Any CPU.Build.0 = Hbue40|Any CPU
		{86A36C4B-BEDB-422E-AE65-5ACE98C5DF23}.hbue__deptS_ccpOrg|Mixed Platforms.ActiveCfg = Hbue40|Any CPU
		{86A36C4B-BEDB-422E-AE65-5ACE98C5DF23}.hbue__deptS_ccpOrg|Mixed Platforms.Build.0 = Hbue40|Any CPU
		{86A36C4B-BEDB-422E-AE65-5ACE98C5DF23}.hbue__deptS_ccpOrg|x86.ActiveCfg = Hbue40|Any CPU
		{86A36C4B-BEDB-422E-AE65-5ACE98C5DF23}.hbue__deptS_ccpOrg|x86.Build.0 = Hbue40|Any CPU
		{86A36C4B-BEDB-422E-AE65-5ACE98C5DF23}.Hbue40|Any CPU.ActiveCfg = Hbue40|Any CPU
		{86A36C4B-BEDB-422E-AE65-5ACE98C5DF23}.Hbue40|Any CPU.Build.0 = Hbue40|Any CPU
		{86A36C4B-BEDB-422E-AE65-5ACE98C5DF23}.Hbue40|Mixed Platforms.ActiveCfg = Hbue40|Any CPU
		{86A36C4B-BEDB-422E-AE65-5ACE98C5DF23}.Hbue40|Mixed Platforms.Build.0 = Hbue40|Any CPU
		{86A36C4B-BEDB-422E-AE65-5ACE98C5DF23}.Hbue40|x86.ActiveCfg = Hbue40|Any CPU
		{86A36C4B-BEDB-422E-AE65-5ACE98C5DF23}.Hbue40|x86.Build.0 = Hbue40|Any CPU
		{86A36C4B-BEDB-422E-AE65-5ACE98C5DF23}.Nuget|Any CPU.ActiveCfg = Nuget|Any CPU
		{86A36C4B-BEDB-422E-AE65-5ACE98C5DF23}.Nuget|Any CPU.Build.0 = Nuget|Any CPU
		{86A36C4B-BEDB-422E-AE65-5ACE98C5DF23}.Nuget|Mixed Platforms.ActiveCfg = Nuget|Any CPU
		{86A36C4B-BEDB-422E-AE65-5ACE98C5DF23}.Nuget|Mixed Platforms.Build.0 = Nuget|Any CPU
		{86A36C4B-BEDB-422E-AE65-5ACE98C5DF23}.Nuget|x86.ActiveCfg = Nuget|Any CPU
		{86A36C4B-BEDB-422E-AE65-5ACE98C5DF23}.Nuget|x86.Build.0 = Nuget|Any CPU
		{86A36C4B-BEDB-422E-AE65-5ACE98C5DF23}.PreferChinese|Any CPU.ActiveCfg = PreferChinese|Any CPU
		{86A36C4B-BEDB-422E-AE65-5ACE98C5DF23}.PreferChinese|Any CPU.Build.0 = PreferChinese|Any CPU
		{86A36C4B-BEDB-422E-AE65-5ACE98C5DF23}.PreferChinese|Mixed Platforms.ActiveCfg = PreferChinese|Any CPU
		{86A36C4B-BEDB-422E-AE65-5ACE98C5DF23}.PreferChinese|Mixed Platforms.Build.0 = PreferChinese|Any CPU
		{86A36C4B-BEDB-422E-AE65-5ACE98C5DF23}.PreferChinese|x86.ActiveCfg = PreferChinese|Any CPU
		{86A36C4B-BEDB-422E-AE65-5ACE98C5DF23}.PreferChinese|x86.Build.0 = PreferChinese|Any CPU
		{86A36C4B-BEDB-422E-AE65-5ACE98C5DF23}.Release_PreferChinese|Any CPU.ActiveCfg = Release_PreferChinese|Any CPU
		{86A36C4B-BEDB-422E-AE65-5ACE98C5DF23}.Release_PreferChinese|Any CPU.Build.0 = Release_PreferChinese|Any CPU
		{86A36C4B-BEDB-422E-AE65-5ACE98C5DF23}.Release_PreferChinese|Mixed Platforms.ActiveCfg = Release_PreferChinese|Any CPU
		{86A36C4B-BEDB-422E-AE65-5ACE98C5DF23}.Release_PreferChinese|Mixed Platforms.Build.0 = Release_PreferChinese|Any CPU
		{86A36C4B-BEDB-422E-AE65-5ACE98C5DF23}.Release_PreferChinese|x86.ActiveCfg = Release_PreferChinese|Any CPU
		{86A36C4B-BEDB-422E-AE65-5ACE98C5DF23}.Release_PreferChinese|x86.Build.0 = Release_PreferChinese|Any CPU
		{86A36C4B-BEDB-422E-AE65-5ACE98C5DF23}.Release|Any CPU.ActiveCfg = Release|Any CPU
		{86A36C4B-BEDB-422E-AE65-5ACE98C5DF23}.Release|Any CPU.Build.0 = Release|Any CPU
		{86A36C4B-BEDB-422E-AE65-5ACE98C5DF23}.Release|Mixed Platforms.ActiveCfg = Release|Any CPU
		{86A36C4B-BEDB-422E-AE65-5ACE98C5DF23}.Release|Mixed Platforms.Build.0 = Release|Any CPU
		{86A36C4B-BEDB-422E-AE65-5ACE98C5DF23}.Release|x86.ActiveCfg = Release|Any CPU
		{86A36C4B-BEDB-422E-AE65-5ACE98C5DF23}.Release|x86.Build.0 = Release|Any CPU
		{86A36C4B-BEDB-422E-AE65-5ACE98C5DF23}.Sym2local|Any CPU.ActiveCfg = Symbols4Debug|Any CPU
		{86A36C4B-BEDB-422E-AE65-5ACE98C5DF23}.Sym2local|Any CPU.Build.0 = Symbols4Debug|Any CPU
		{86A36C4B-BEDB-422E-AE65-5ACE98C5DF23}.Sym2local|Mixed Platforms.ActiveCfg = Symbols4Debug|Any CPU
		{86A36C4B-BEDB-422E-AE65-5ACE98C5DF23}.Sym2local|Mixed Platforms.Build.0 = Symbols4Debug|Any CPU
		{86A36C4B-BEDB-422E-AE65-5ACE98C5DF23}.Sym2local|x86.ActiveCfg = Symbols4Debug|Any CPU
		{86A36C4B-BEDB-422E-AE65-5ACE98C5DF23}.Sym2local|x86.Build.0 = Symbols4Debug|Any CPU
		{86A36C4B-BEDB-422E-AE65-5ACE98C5DF23}.Sym2nuget|Any CPU.ActiveCfg = Sym2nuget|Any CPU
		{86A36C4B-BEDB-422E-AE65-5ACE98C5DF23}.Sym2nuget|Any CPU.Build.0 = Sym2nuget|Any CPU
		{86A36C4B-BEDB-422E-AE65-5ACE98C5DF23}.Sym2nuget|Mixed Platforms.ActiveCfg = Sym2nuget|Any CPU
		{86A36C4B-BEDB-422E-AE65-5ACE98C5DF23}.Sym2nuget|Mixed Platforms.Build.0 = Sym2nuget|Any CPU
		{86A36C4B-BEDB-422E-AE65-5ACE98C5DF23}.Sym2nuget|x86.ActiveCfg = Sym2nuget|Any CPU
		{86A36C4B-BEDB-422E-AE65-5ACE98C5DF23}.Sym2nuget|x86.Build.0 = Sym2nuget|Any CPU
		{86A36C4B-BEDB-422E-AE65-5ACE98C5DF23}.Symbol|Any CPU.ActiveCfg = Symbol|Any CPU
		{86A36C4B-BEDB-422E-AE65-5ACE98C5DF23}.Symbol|Any CPU.Build.0 = Symbol|Any CPU
		{86A36C4B-BEDB-422E-AE65-5ACE98C5DF23}.Symbol|Mixed Platforms.ActiveCfg = Symbol|Any CPU
		{86A36C4B-BEDB-422E-AE65-5ACE98C5DF23}.Symbol|Mixed Platforms.Build.0 = Symbol|Any CPU
		{86A36C4B-BEDB-422E-AE65-5ACE98C5DF23}.Symbol|x86.ActiveCfg = Symbol|Any CPU
		{86A36C4B-BEDB-422E-AE65-5ACE98C5DF23}.Symbol|x86.Build.0 = Symbol|Any CPU
		{86A36C4B-BEDB-422E-AE65-5ACE98C5DF23}.Symbols4Debug|Any CPU.ActiveCfg = Symbols4Debug|Any CPU
		{86A36C4B-BEDB-422E-AE65-5ACE98C5DF23}.Symbols4Debug|Any CPU.Build.0 = Symbols4Debug|Any CPU
		{86A36C4B-BEDB-422E-AE65-5ACE98C5DF23}.Symbols4Debug|Mixed Platforms.ActiveCfg = Symbols4Debug|Any CPU
		{86A36C4B-BEDB-422E-AE65-5ACE98C5DF23}.Symbols4Debug|Mixed Platforms.Build.0 = Symbols4Debug|Any CPU
		{86A36C4B-BEDB-422E-AE65-5ACE98C5DF23}.Symbols4Debug|x86.ActiveCfg = Symbols4Debug|Any CPU
		{86A36C4B-BEDB-422E-AE65-5ACE98C5DF23}.Symbols4Debug|x86.Build.0 = Symbols4Debug|Any CPU
		{86A36C4B-BEDB-422E-AE65-5ACE98C5DF23}.test_release|Any CPU.ActiveCfg = Hbue40|Any CPU
		{86A36C4B-BEDB-422E-AE65-5ACE98C5DF23}.test_release|Any CPU.Build.0 = Hbue40|Any CPU
		{86A36C4B-BEDB-422E-AE65-5ACE98C5DF23}.test_release|Mixed Platforms.ActiveCfg = Hbue40|Any CPU
		{86A36C4B-BEDB-422E-AE65-5ACE98C5DF23}.test_release|Mixed Platforms.Build.0 = Hbue40|Any CPU
		{86A36C4B-BEDB-422E-AE65-5ACE98C5DF23}.test_release|x86.ActiveCfg = Hbue40|Any CPU
		{86A36C4B-BEDB-422E-AE65-5ACE98C5DF23}.test_release|x86.Build.0 = Hbue40|Any CPU
		{86A36C4B-BEDB-422E-AE65-5ACE98C5DF23}.TRIAL|Any CPU.ActiveCfg = TryR|Any CPU
		{86A36C4B-BEDB-422E-AE65-5ACE98C5DF23}.TRIAL|Any CPU.Build.0 = TryR|Any CPU
		{86A36C4B-BEDB-422E-AE65-5ACE98C5DF23}.TRIAL|Mixed Platforms.ActiveCfg = TryR|Any CPU
		{86A36C4B-BEDB-422E-AE65-5ACE98C5DF23}.TRIAL|Mixed Platforms.Build.0 = TryR|Any CPU
		{86A36C4B-BEDB-422E-AE65-5ACE98C5DF23}.TRIAL|x86.ActiveCfg = TryR|Any CPU
		{86A36C4B-BEDB-422E-AE65-5ACE98C5DF23}.TRIAL|x86.Build.0 = TryR|Any CPU
		{86A36C4B-BEDB-422E-AE65-5ACE98C5DF23}.Try|Any CPU.ActiveCfg = Try|Any CPU
		{86A36C4B-BEDB-422E-AE65-5ACE98C5DF23}.Try|Any CPU.Build.0 = Try|Any CPU
		{86A36C4B-BEDB-422E-AE65-5ACE98C5DF23}.Try|Mixed Platforms.ActiveCfg = Try|Any CPU
		{86A36C4B-BEDB-422E-AE65-5ACE98C5DF23}.Try|Mixed Platforms.Build.0 = Try|Any CPU
		{86A36C4B-BEDB-422E-AE65-5ACE98C5DF23}.Try|x86.ActiveCfg = Try|Any CPU
		{86A36C4B-BEDB-422E-AE65-5ACE98C5DF23}.Try|x86.Build.0 = Try|Any CPU
		{86A36C4B-BEDB-422E-AE65-5ACE98C5DF23}.TryR|Any CPU.ActiveCfg = TryR|Any CPU
		{86A36C4B-BEDB-422E-AE65-5ACE98C5DF23}.TryR|Any CPU.Build.0 = TryR|Any CPU
		{86A36C4B-BEDB-422E-AE65-5ACE98C5DF23}.TryR|Mixed Platforms.ActiveCfg = TryR|Any CPU
		{86A36C4B-BEDB-422E-AE65-5ACE98C5DF23}.TryR|Mixed Platforms.Build.0 = TryR|Any CPU
		{86A36C4B-BEDB-422E-AE65-5ACE98C5DF23}.TryR|x86.ActiveCfg = TryR|Any CPU
		{86A36C4B-BEDB-422E-AE65-5ACE98C5DF23}.TryR|x86.Build.0 = TryR|Any CPU
		{04F7924B-1268-4514-B3B7-EE563C7A8E15}._Temp|Any CPU.ActiveCfg = _Temp|Any CPU
		{04F7924B-1268-4514-B3B7-EE563C7A8E15}._Temp|Any CPU.Build.0 = _Temp|Any CPU
		{04F7924B-1268-4514-B3B7-EE563C7A8E15}._Temp|Mixed Platforms.ActiveCfg = _Temp|Any CPU
		{04F7924B-1268-4514-B3B7-EE563C7A8E15}._Temp|Mixed Platforms.Build.0 = _Temp|Any CPU
		{04F7924B-1268-4514-B3B7-EE563C7A8E15}._Temp|x86.ActiveCfg = _Temp|Any CPU
		{04F7924B-1268-4514-B3B7-EE563C7A8E15}._Temp|x86.Build.0 = _Temp|Any CPU
		{04F7924B-1268-4514-B3B7-EE563C7A8E15}.Debug|Any CPU.ActiveCfg = Debug|Any CPU
		{04F7924B-1268-4514-B3B7-EE563C7A8E15}.Debug|Any CPU.Build.0 = Debug|Any CPU
		{04F7924B-1268-4514-B3B7-EE563C7A8E15}.Debug|Mixed Platforms.ActiveCfg = Debug|Any CPU
		{04F7924B-1268-4514-B3B7-EE563C7A8E15}.Debug|Mixed Platforms.Build.0 = Debug|Any CPU
		{04F7924B-1268-4514-B3B7-EE563C7A8E15}.Debug|x86.ActiveCfg = Debug|Any CPU
		{04F7924B-1268-4514-B3B7-EE563C7A8E15}.Debug|x86.Build.0 = Debug|Any CPU
		{04F7924B-1268-4514-B3B7-EE563C7A8E15}.debug2pub|Any CPU.ActiveCfg = Debug|Any CPU
		{04F7924B-1268-4514-B3B7-EE563C7A8E15}.debug2pub|Any CPU.Build.0 = Debug|Any CPU
		{04F7924B-1268-4514-B3B7-EE563C7A8E15}.debug2pub|Mixed Platforms.ActiveCfg = Debug|Any CPU
		{04F7924B-1268-4514-B3B7-EE563C7A8E15}.debug2pub|Mixed Platforms.Build.0 = Debug|Any CPU
		{04F7924B-1268-4514-B3B7-EE563C7A8E15}.debug2pub|x86.ActiveCfg = Debug|Any CPU
		{04F7924B-1268-4514-B3B7-EE563C7A8E15}.debug2pub|x86.Build.0 = Debug|Any CPU
		{04F7924B-1268-4514-B3B7-EE563C7A8E15}.Dev2nuget|Any CPU.ActiveCfg = Dev2nuget|Any CPU
		{04F7924B-1268-4514-B3B7-EE563C7A8E15}.Dev2nuget|Any CPU.Build.0 = Dev2nuget|Any CPU
		{04F7924B-1268-4514-B3B7-EE563C7A8E15}.Dev2nuget|Mixed Platforms.ActiveCfg = Dev2nuget|Any CPU
		{04F7924B-1268-4514-B3B7-EE563C7A8E15}.Dev2nuget|Mixed Platforms.Build.0 = Dev2nuget|Any CPU
		{04F7924B-1268-4514-B3B7-EE563C7A8E15}.Dev2nuget|x86.ActiveCfg = Dev2nuget|Any CPU
		{04F7924B-1268-4514-B3B7-EE563C7A8E15}.Dev2nuget|x86.Build.0 = Dev2nuget|Any CPU
		{04F7924B-1268-4514-B3B7-EE563C7A8E15}.git|Any CPU.ActiveCfg = git|Any CPU
		{04F7924B-1268-4514-B3B7-EE563C7A8E15}.git|Any CPU.Build.0 = git|Any CPU
		{04F7924B-1268-4514-B3B7-EE563C7A8E15}.git|Mixed Platforms.ActiveCfg = git|Any CPU
		{04F7924B-1268-4514-B3B7-EE563C7A8E15}.git|Mixed Platforms.Build.0 = git|Any CPU
		{04F7924B-1268-4514-B3B7-EE563C7A8E15}.git|x86.ActiveCfg = git|Any CPU
		{04F7924B-1268-4514-B3B7-EE563C7A8E15}.git|x86.Build.0 = git|Any CPU
		{04F7924B-1268-4514-B3B7-EE563C7A8E15}.hbue__deptS_ccpOrg___release|Any CPU.ActiveCfg = Hbue40|Any CPU
		{04F7924B-1268-4514-B3B7-EE563C7A8E15}.hbue__deptS_ccpOrg___release|Any CPU.Build.0 = Hbue40|Any CPU
		{04F7924B-1268-4514-B3B7-EE563C7A8E15}.hbue__deptS_ccpOrg___release|Mixed Platforms.ActiveCfg = Hbue40|Any CPU
		{04F7924B-1268-4514-B3B7-EE563C7A8E15}.hbue__deptS_ccpOrg___release|Mixed Platforms.Build.0 = Hbue40|Any CPU
		{04F7924B-1268-4514-B3B7-EE563C7A8E15}.hbue__deptS_ccpOrg___release|x86.ActiveCfg = Hbue40|Any CPU
		{04F7924B-1268-4514-B3B7-EE563C7A8E15}.hbue__deptS_ccpOrg___release|x86.Build.0 = Hbue40|Any CPU
		{04F7924B-1268-4514-B3B7-EE563C7A8E15}.hbue__deptS_ccpOrg|Any CPU.ActiveCfg = Hbue40|Any CPU
		{04F7924B-1268-4514-B3B7-EE563C7A8E15}.hbue__deptS_ccpOrg|Any CPU.Build.0 = Hbue40|Any CPU
		{04F7924B-1268-4514-B3B7-EE563C7A8E15}.hbue__deptS_ccpOrg|Mixed Platforms.ActiveCfg = Hbue40|Any CPU
		{04F7924B-1268-4514-B3B7-EE563C7A8E15}.hbue__deptS_ccpOrg|Mixed Platforms.Build.0 = Hbue40|Any CPU
		{04F7924B-1268-4514-B3B7-EE563C7A8E15}.hbue__deptS_ccpOrg|x86.ActiveCfg = Hbue40|Any CPU
		{04F7924B-1268-4514-B3B7-EE563C7A8E15}.hbue__deptS_ccpOrg|x86.Build.0 = Hbue40|Any CPU
		{04F7924B-1268-4514-B3B7-EE563C7A8E15}.Hbue40|Any CPU.ActiveCfg = Hbue40|Any CPU
		{04F7924B-1268-4514-B3B7-EE563C7A8E15}.Hbue40|Any CPU.Build.0 = Hbue40|Any CPU
		{04F7924B-1268-4514-B3B7-EE563C7A8E15}.Hbue40|Mixed Platforms.ActiveCfg = Hbue40|Any CPU
		{04F7924B-1268-4514-B3B7-EE563C7A8E15}.Hbue40|Mixed Platforms.Build.0 = Hbue40|Any CPU
		{04F7924B-1268-4514-B3B7-EE563C7A8E15}.Hbue40|x86.ActiveCfg = Hbue40|Any CPU
		{04F7924B-1268-4514-B3B7-EE563C7A8E15}.Hbue40|x86.Build.0 = Hbue40|Any CPU
		{04F7924B-1268-4514-B3B7-EE563C7A8E15}.Nuget|Any CPU.ActiveCfg = Nuget|Any CPU
		{04F7924B-1268-4514-B3B7-EE563C7A8E15}.Nuget|Any CPU.Build.0 = Nuget|Any CPU
		{04F7924B-1268-4514-B3B7-EE563C7A8E15}.Nuget|Mixed Platforms.ActiveCfg = Nuget|Any CPU
		{04F7924B-1268-4514-B3B7-EE563C7A8E15}.Nuget|Mixed Platforms.Build.0 = Nuget|Any CPU
		{04F7924B-1268-4514-B3B7-EE563C7A8E15}.Nuget|x86.ActiveCfg = Nuget|Any CPU
		{04F7924B-1268-4514-B3B7-EE563C7A8E15}.Nuget|x86.Build.0 = Nuget|Any CPU
		{04F7924B-1268-4514-B3B7-EE563C7A8E15}.PreferChinese|Any CPU.ActiveCfg = PreferChinese|Any CPU
		{04F7924B-1268-4514-B3B7-EE563C7A8E15}.PreferChinese|Any CPU.Build.0 = PreferChinese|Any CPU
		{04F7924B-1268-4514-B3B7-EE563C7A8E15}.PreferChinese|Mixed Platforms.ActiveCfg = PreferChinese|Any CPU
		{04F7924B-1268-4514-B3B7-EE563C7A8E15}.PreferChinese|Mixed Platforms.Build.0 = PreferChinese|Any CPU
		{04F7924B-1268-4514-B3B7-EE563C7A8E15}.PreferChinese|x86.ActiveCfg = PreferChinese|Any CPU
		{04F7924B-1268-4514-B3B7-EE563C7A8E15}.PreferChinese|x86.Build.0 = PreferChinese|Any CPU
		{04F7924B-1268-4514-B3B7-EE563C7A8E15}.Release_PreferChinese|Any CPU.ActiveCfg = Release_PreferChinese|Any CPU
		{04F7924B-1268-4514-B3B7-EE563C7A8E15}.Release_PreferChinese|Any CPU.Build.0 = Release_PreferChinese|Any CPU
		{04F7924B-1268-4514-B3B7-EE563C7A8E15}.Release_PreferChinese|Mixed Platforms.ActiveCfg = Release_PreferChinese|Any CPU
		{04F7924B-1268-4514-B3B7-EE563C7A8E15}.Release_PreferChinese|Mixed Platforms.Build.0 = Release_PreferChinese|Any CPU
		{04F7924B-1268-4514-B3B7-EE563C7A8E15}.Release_PreferChinese|x86.ActiveCfg = Release_PreferChinese|Any CPU
		{04F7924B-1268-4514-B3B7-EE563C7A8E15}.Release_PreferChinese|x86.Build.0 = Release_PreferChinese|Any CPU
		{04F7924B-1268-4514-B3B7-EE563C7A8E15}.Release|Any CPU.ActiveCfg = Release|Any CPU
		{04F7924B-1268-4514-B3B7-EE563C7A8E15}.Release|Any CPU.Build.0 = Release|Any CPU
		{04F7924B-1268-4514-B3B7-EE563C7A8E15}.Release|Mixed Platforms.ActiveCfg = Release|Any CPU
		{04F7924B-1268-4514-B3B7-EE563C7A8E15}.Release|Mixed Platforms.Build.0 = Release|Any CPU
		{04F7924B-1268-4514-B3B7-EE563C7A8E15}.Release|x86.ActiveCfg = Release|Any CPU
		{04F7924B-1268-4514-B3B7-EE563C7A8E15}.Release|x86.Build.0 = Release|Any CPU
		{04F7924B-1268-4514-B3B7-EE563C7A8E15}.Sym2local|Any CPU.ActiveCfg = Symbols4Debug|Any CPU
		{04F7924B-1268-4514-B3B7-EE563C7A8E15}.Sym2local|Any CPU.Build.0 = Symbols4Debug|Any CPU
		{04F7924B-1268-4514-B3B7-EE563C7A8E15}.Sym2local|Mixed Platforms.ActiveCfg = Symbols4Debug|Any CPU
		{04F7924B-1268-4514-B3B7-EE563C7A8E15}.Sym2local|Mixed Platforms.Build.0 = Symbols4Debug|Any CPU
		{04F7924B-1268-4514-B3B7-EE563C7A8E15}.Sym2local|x86.ActiveCfg = Symbols4Debug|Any CPU
		{04F7924B-1268-4514-B3B7-EE563C7A8E15}.Sym2local|x86.Build.0 = Symbols4Debug|Any CPU
		{04F7924B-1268-4514-B3B7-EE563C7A8E15}.Sym2nuget|Any CPU.ActiveCfg = Sym2nuget|Any CPU
		{04F7924B-1268-4514-B3B7-EE563C7A8E15}.Sym2nuget|Any CPU.Build.0 = Sym2nuget|Any CPU
		{04F7924B-1268-4514-B3B7-EE563C7A8E15}.Sym2nuget|Mixed Platforms.ActiveCfg = Sym2nuget|Any CPU
		{04F7924B-1268-4514-B3B7-EE563C7A8E15}.Sym2nuget|Mixed Platforms.Build.0 = Sym2nuget|Any CPU
		{04F7924B-1268-4514-B3B7-EE563C7A8E15}.Sym2nuget|x86.ActiveCfg = Sym2nuget|Any CPU
		{04F7924B-1268-4514-B3B7-EE563C7A8E15}.Sym2nuget|x86.Build.0 = Sym2nuget|Any CPU
		{04F7924B-1268-4514-B3B7-EE563C7A8E15}.Symbol|Any CPU.ActiveCfg = Symbol|Any CPU
		{04F7924B-1268-4514-B3B7-EE563C7A8E15}.Symbol|Any CPU.Build.0 = Symbol|Any CPU
		{04F7924B-1268-4514-B3B7-EE563C7A8E15}.Symbol|Mixed Platforms.ActiveCfg = Symbol|Any CPU
		{04F7924B-1268-4514-B3B7-EE563C7A8E15}.Symbol|Mixed Platforms.Build.0 = Symbol|Any CPU
		{04F7924B-1268-4514-B3B7-EE563C7A8E15}.Symbol|x86.ActiveCfg = Symbol|Any CPU
		{04F7924B-1268-4514-B3B7-EE563C7A8E15}.Symbol|x86.Build.0 = Symbol|Any CPU
		{04F7924B-1268-4514-B3B7-EE563C7A8E15}.Symbols4Debug|Any CPU.ActiveCfg = Symbols4Debug|Any CPU
		{04F7924B-1268-4514-B3B7-EE563C7A8E15}.Symbols4Debug|Any CPU.Build.0 = Symbols4Debug|Any CPU
		{04F7924B-1268-4514-B3B7-EE563C7A8E15}.Symbols4Debug|Mixed Platforms.ActiveCfg = Symbols4Debug|Any CPU
		{04F7924B-1268-4514-B3B7-EE563C7A8E15}.Symbols4Debug|Mixed Platforms.Build.0 = Symbols4Debug|Any CPU
		{04F7924B-1268-4514-B3B7-EE563C7A8E15}.Symbols4Debug|x86.ActiveCfg = Symbols4Debug|Any CPU
		{04F7924B-1268-4514-B3B7-EE563C7A8E15}.Symbols4Debug|x86.Build.0 = Symbols4Debug|Any CPU
		{04F7924B-1268-4514-B3B7-EE563C7A8E15}.test_release|Any CPU.ActiveCfg = TRIAL|Any CPU
		{04F7924B-1268-4514-B3B7-EE563C7A8E15}.test_release|Any CPU.Build.0 = TRIAL|Any CPU
		{04F7924B-1268-4514-B3B7-EE563C7A8E15}.test_release|Mixed Platforms.ActiveCfg = TRIAL|Any CPU
		{04F7924B-1268-4514-B3B7-EE563C7A8E15}.test_release|Mixed Platforms.Build.0 = TRIAL|Any CPU
		{04F7924B-1268-4514-B3B7-EE563C7A8E15}.test_release|x86.ActiveCfg = TRIAL|Any CPU
		{04F7924B-1268-4514-B3B7-EE563C7A8E15}.test_release|x86.Build.0 = TRIAL|Any CPU
		{04F7924B-1268-4514-B3B7-EE563C7A8E15}.TRIAL|Any CPU.ActiveCfg = TRIAL|Any CPU
		{04F7924B-1268-4514-B3B7-EE563C7A8E15}.TRIAL|Any CPU.Build.0 = TRIAL|Any CPU
		{04F7924B-1268-4514-B3B7-EE563C7A8E15}.TRIAL|Mixed Platforms.ActiveCfg = TRIAL|Any CPU
		{04F7924B-1268-4514-B3B7-EE563C7A8E15}.TRIAL|Mixed Platforms.Build.0 = TRIAL|Any CPU
		{04F7924B-1268-4514-B3B7-EE563C7A8E15}.TRIAL|x86.ActiveCfg = TRIAL|Any CPU
		{04F7924B-1268-4514-B3B7-EE563C7A8E15}.TRIAL|x86.Build.0 = TRIAL|Any CPU
		{04F7924B-1268-4514-B3B7-EE563C7A8E15}.Try|Any CPU.ActiveCfg = TRIAL|Any CPU
		{04F7924B-1268-4514-B3B7-EE563C7A8E15}.Try|Any CPU.Build.0 = TRIAL|Any CPU
		{04F7924B-1268-4514-B3B7-EE563C7A8E15}.Try|Mixed Platforms.ActiveCfg = TRIAL|Any CPU
		{04F7924B-1268-4514-B3B7-EE563C7A8E15}.Try|Mixed Platforms.Build.0 = TRIAL|Any CPU
		{04F7924B-1268-4514-B3B7-EE563C7A8E15}.Try|x86.ActiveCfg = TRIAL|Any CPU
		{04F7924B-1268-4514-B3B7-EE563C7A8E15}.Try|x86.Build.0 = TRIAL|Any CPU
		{04F7924B-1268-4514-B3B7-EE563C7A8E15}.TryR|Any CPU.ActiveCfg = TRIAL|Any CPU
		{04F7924B-1268-4514-B3B7-EE563C7A8E15}.TryR|Any CPU.Build.0 = TRIAL|Any CPU
		{04F7924B-1268-4514-B3B7-EE563C7A8E15}.TryR|Mixed Platforms.ActiveCfg = TRIAL|Any CPU
		{04F7924B-1268-4514-B3B7-EE563C7A8E15}.TryR|Mixed Platforms.Build.0 = TRIAL|Any CPU
		{04F7924B-1268-4514-B3B7-EE563C7A8E15}.TryR|x86.ActiveCfg = TRIAL|Any CPU
		{04F7924B-1268-4514-B3B7-EE563C7A8E15}.TryR|x86.Build.0 = TRIAL|Any CPU
		{7891FCE6-DB13-424C-8D10-4E7E816C5743}._Temp|Any CPU.ActiveCfg = Debug|Any CPU
		{7891FCE6-DB13-424C-8D10-4E7E816C5743}._Temp|Any CPU.Build.0 = Debug|Any CPU
		{7891FCE6-DB13-424C-8D10-4E7E816C5743}._Temp|Mixed Platforms.ActiveCfg = Debug|Any CPU
		{7891FCE6-DB13-424C-8D10-4E7E816C5743}._Temp|Mixed Platforms.Build.0 = Debug|Any CPU
		{7891FCE6-DB13-424C-8D10-4E7E816C5743}._Temp|x86.ActiveCfg = Debug|Any CPU
		{7891FCE6-DB13-424C-8D10-4E7E816C5743}._Temp|x86.Build.0 = Debug|Any CPU
		{7891FCE6-DB13-424C-8D10-4E7E816C5743}.Debug|Any CPU.ActiveCfg = Debug|Any CPU
		{7891FCE6-DB13-424C-8D10-4E7E816C5743}.Debug|Any CPU.Build.0 = Debug|Any CPU
		{7891FCE6-DB13-424C-8D10-4E7E816C5743}.Debug|Mixed Platforms.ActiveCfg = Debug|Any CPU
		{7891FCE6-DB13-424C-8D10-4E7E816C5743}.Debug|Mixed Platforms.Build.0 = Debug|Any CPU
		{7891FCE6-DB13-424C-8D10-4E7E816C5743}.Debug|x86.ActiveCfg = Debug|Any CPU
		{7891FCE6-DB13-424C-8D10-4E7E816C5743}.Debug|x86.Build.0 = Debug|Any CPU
		{7891FCE6-DB13-424C-8D10-4E7E816C5743}.debug2pub|Any CPU.ActiveCfg = Debug|Any CPU
		{7891FCE6-DB13-424C-8D10-4E7E816C5743}.debug2pub|Any CPU.Build.0 = Debug|Any CPU
		{7891FCE6-DB13-424C-8D10-4E7E816C5743}.debug2pub|Mixed Platforms.ActiveCfg = Debug|Any CPU
		{7891FCE6-DB13-424C-8D10-4E7E816C5743}.debug2pub|Mixed Platforms.Build.0 = Debug|Any CPU
		{7891FCE6-DB13-424C-8D10-4E7E816C5743}.debug2pub|x86.ActiveCfg = Debug|Any CPU
		{7891FCE6-DB13-424C-8D10-4E7E816C5743}.debug2pub|x86.Build.0 = Debug|Any CPU
		{7891FCE6-DB13-424C-8D10-4E7E816C5743}.Dev2nuget|Any CPU.ActiveCfg = Dev2nuget|Any CPU
		{7891FCE6-DB13-424C-8D10-4E7E816C5743}.Dev2nuget|Any CPU.Build.0 = Dev2nuget|Any CPU
		{7891FCE6-DB13-424C-8D10-4E7E816C5743}.Dev2nuget|Mixed Platforms.ActiveCfg = Dev2nuget|Any CPU
		{7891FCE6-DB13-424C-8D10-4E7E816C5743}.Dev2nuget|Mixed Platforms.Build.0 = Dev2nuget|Any CPU
		{7891FCE6-DB13-424C-8D10-4E7E816C5743}.Dev2nuget|x86.ActiveCfg = Dev2nuget|Any CPU
		{7891FCE6-DB13-424C-8D10-4E7E816C5743}.Dev2nuget|x86.Build.0 = Dev2nuget|Any CPU
		{7891FCE6-DB13-424C-8D10-4E7E816C5743}.git|Any CPU.ActiveCfg = Debug|Any CPU
		{7891FCE6-DB13-424C-8D10-4E7E816C5743}.git|Any CPU.Build.0 = Debug|Any CPU
		{7891FCE6-DB13-424C-8D10-4E7E816C5743}.git|Mixed Platforms.ActiveCfg = Debug|Any CPU
		{7891FCE6-DB13-424C-8D10-4E7E816C5743}.git|Mixed Platforms.Build.0 = Debug|Any CPU
		{7891FCE6-DB13-424C-8D10-4E7E816C5743}.git|x86.ActiveCfg = Debug|Any CPU
		{7891FCE6-DB13-424C-8D10-4E7E816C5743}.git|x86.Build.0 = Debug|Any CPU
		{7891FCE6-DB13-424C-8D10-4E7E816C5743}.hbue__deptS_ccpOrg___release|Any CPU.ActiveCfg = hbue__deptS_ccpOrg___release|Any CPU
		{7891FCE6-DB13-424C-8D10-4E7E816C5743}.hbue__deptS_ccpOrg___release|Any CPU.Build.0 = hbue__deptS_ccpOrg___release|Any CPU
		{7891FCE6-DB13-424C-8D10-4E7E816C5743}.hbue__deptS_ccpOrg___release|Mixed Platforms.ActiveCfg = hbue__deptS_ccpOrg___release|Any CPU
		{7891FCE6-DB13-424C-8D10-4E7E816C5743}.hbue__deptS_ccpOrg___release|Mixed Platforms.Build.0 = hbue__deptS_ccpOrg___release|Any CPU
		{7891FCE6-DB13-424C-8D10-4E7E816C5743}.hbue__deptS_ccpOrg___release|x86.ActiveCfg = hbue__deptS_ccpOrg___release|Any CPU
		{7891FCE6-DB13-424C-8D10-4E7E816C5743}.hbue__deptS_ccpOrg___release|x86.Build.0 = hbue__deptS_ccpOrg___release|Any CPU
		{7891FCE6-DB13-424C-8D10-4E7E816C5743}.hbue__deptS_ccpOrg|Any CPU.ActiveCfg = hbue__deptS_ccpOrg|Any CPU
		{7891FCE6-DB13-424C-8D10-4E7E816C5743}.hbue__deptS_ccpOrg|Any CPU.Build.0 = hbue__deptS_ccpOrg|Any CPU
		{7891FCE6-DB13-424C-8D10-4E7E816C5743}.hbue__deptS_ccpOrg|Mixed Platforms.ActiveCfg = hbue__deptS_ccpOrg|Any CPU
		{7891FCE6-DB13-424C-8D10-4E7E816C5743}.hbue__deptS_ccpOrg|Mixed Platforms.Build.0 = hbue__deptS_ccpOrg|Any CPU
		{7891FCE6-DB13-424C-8D10-4E7E816C5743}.hbue__deptS_ccpOrg|x86.ActiveCfg = hbue__deptS_ccpOrg|Any CPU
		{7891FCE6-DB13-424C-8D10-4E7E816C5743}.hbue__deptS_ccpOrg|x86.Build.0 = hbue__deptS_ccpOrg|Any CPU
		{7891FCE6-DB13-424C-8D10-4E7E816C5743}.Hbue40|Any CPU.ActiveCfg = Hbue40|Any CPU
		{7891FCE6-DB13-424C-8D10-4E7E816C5743}.Hbue40|Any CPU.Build.0 = Hbue40|Any CPU
		{7891FCE6-DB13-424C-8D10-4E7E816C5743}.Hbue40|Mixed Platforms.ActiveCfg = Hbue40|Any CPU
		{7891FCE6-DB13-424C-8D10-4E7E816C5743}.Hbue40|Mixed Platforms.Build.0 = Hbue40|Any CPU
		{7891FCE6-DB13-424C-8D10-4E7E816C5743}.Hbue40|x86.ActiveCfg = Hbue40|Any CPU
		{7891FCE6-DB13-424C-8D10-4E7E816C5743}.Hbue40|x86.Build.0 = Hbue40|Any CPU
		{7891FCE6-DB13-424C-8D10-4E7E816C5743}.Nuget|Any CPU.ActiveCfg = Nuget|Any CPU
		{7891FCE6-DB13-424C-8D10-4E7E816C5743}.Nuget|Any CPU.Build.0 = Nuget|Any CPU
		{7891FCE6-DB13-424C-8D10-4E7E816C5743}.Nuget|Mixed Platforms.ActiveCfg = Nuget|Any CPU
		{7891FCE6-DB13-424C-8D10-4E7E816C5743}.Nuget|Mixed Platforms.Build.0 = Nuget|Any CPU
		{7891FCE6-DB13-424C-8D10-4E7E816C5743}.Nuget|x86.ActiveCfg = Nuget|Any CPU
		{7891FCE6-DB13-424C-8D10-4E7E816C5743}.Nuget|x86.Build.0 = Nuget|Any CPU
		{7891FCE6-DB13-424C-8D10-4E7E816C5743}.PreferChinese|Any CPU.ActiveCfg = PreferChinese|Any CPU
		{7891FCE6-DB13-424C-8D10-4E7E816C5743}.PreferChinese|Any CPU.Build.0 = PreferChinese|Any CPU
		{7891FCE6-DB13-424C-8D10-4E7E816C5743}.PreferChinese|Mixed Platforms.ActiveCfg = PreferChinese|Any CPU
		{7891FCE6-DB13-424C-8D10-4E7E816C5743}.PreferChinese|Mixed Platforms.Build.0 = PreferChinese|Any CPU
		{7891FCE6-DB13-424C-8D10-4E7E816C5743}.PreferChinese|x86.ActiveCfg = PreferChinese|Any CPU
		{7891FCE6-DB13-424C-8D10-4E7E816C5743}.PreferChinese|x86.Build.0 = PreferChinese|Any CPU
		{7891FCE6-DB13-424C-8D10-4E7E816C5743}.Release_PreferChinese|Any CPU.ActiveCfg = Release_PreferChinese|Any CPU
		{7891FCE6-DB13-424C-8D10-4E7E816C5743}.Release_PreferChinese|Any CPU.Build.0 = Release_PreferChinese|Any CPU
		{7891FCE6-DB13-424C-8D10-4E7E816C5743}.Release_PreferChinese|Mixed Platforms.ActiveCfg = Release_PreferChinese|Any CPU
		{7891FCE6-DB13-424C-8D10-4E7E816C5743}.Release_PreferChinese|Mixed Platforms.Build.0 = Release_PreferChinese|Any CPU
		{7891FCE6-DB13-424C-8D10-4E7E816C5743}.Release_PreferChinese|x86.ActiveCfg = Release_PreferChinese|Any CPU
		{7891FCE6-DB13-424C-8D10-4E7E816C5743}.Release_PreferChinese|x86.Build.0 = Release_PreferChinese|Any CPU
		{7891FCE6-DB13-424C-8D10-4E7E816C5743}.Release|Any CPU.ActiveCfg = Release|Any CPU
		{7891FCE6-DB13-424C-8D10-4E7E816C5743}.Release|Any CPU.Build.0 = Release|Any CPU
		{7891FCE6-DB13-424C-8D10-4E7E816C5743}.Release|Mixed Platforms.ActiveCfg = Release|Any CPU
		{7891FCE6-DB13-424C-8D10-4E7E816C5743}.Release|Mixed Platforms.Build.0 = Release|Any CPU
		{7891FCE6-DB13-424C-8D10-4E7E816C5743}.Release|x86.ActiveCfg = Release|Any CPU
		{7891FCE6-DB13-424C-8D10-4E7E816C5743}.Release|x86.Build.0 = Release|Any CPU
		{7891FCE6-DB13-424C-8D10-4E7E816C5743}.Sym2local|Any CPU.ActiveCfg = Sym2local|Any CPU
		{7891FCE6-DB13-424C-8D10-4E7E816C5743}.Sym2local|Any CPU.Build.0 = Sym2local|Any CPU
		{7891FCE6-DB13-424C-8D10-4E7E816C5743}.Sym2local|Mixed Platforms.ActiveCfg = Sym2local|Any CPU
		{7891FCE6-DB13-424C-8D10-4E7E816C5743}.Sym2local|Mixed Platforms.Build.0 = Sym2local|Any CPU
		{7891FCE6-DB13-424C-8D10-4E7E816C5743}.Sym2local|x86.ActiveCfg = Sym2local|Any CPU
		{7891FCE6-DB13-424C-8D10-4E7E816C5743}.Sym2local|x86.Build.0 = Sym2local|Any CPU
		{7891FCE6-DB13-424C-8D10-4E7E816C5743}.Sym2nuget|Any CPU.ActiveCfg = Sym2nuget|Any CPU
		{7891FCE6-DB13-424C-8D10-4E7E816C5743}.Sym2nuget|Any CPU.Build.0 = Sym2nuget|Any CPU
		{7891FCE6-DB13-424C-8D10-4E7E816C5743}.Sym2nuget|Mixed Platforms.ActiveCfg = Sym2nuget|Any CPU
		{7891FCE6-DB13-424C-8D10-4E7E816C5743}.Sym2nuget|Mixed Platforms.Build.0 = Sym2nuget|Any CPU
		{7891FCE6-DB13-424C-8D10-4E7E816C5743}.Sym2nuget|x86.ActiveCfg = Sym2nuget|Any CPU
		{7891FCE6-DB13-424C-8D10-4E7E816C5743}.Sym2nuget|x86.Build.0 = Sym2nuget|Any CPU
		{7891FCE6-DB13-424C-8D10-4E7E816C5743}.Symbol|Any CPU.ActiveCfg = Symbol|Any CPU
		{7891FCE6-DB13-424C-8D10-4E7E816C5743}.Symbol|Any CPU.Build.0 = Symbol|Any CPU
		{7891FCE6-DB13-424C-8D10-4E7E816C5743}.Symbol|Mixed Platforms.ActiveCfg = Symbol|Any CPU
		{7891FCE6-DB13-424C-8D10-4E7E816C5743}.Symbol|Mixed Platforms.Build.0 = Symbol|Any CPU
		{7891FCE6-DB13-424C-8D10-4E7E816C5743}.Symbol|x86.ActiveCfg = Symbol|Any CPU
		{7891FCE6-DB13-424C-8D10-4E7E816C5743}.Symbol|x86.Build.0 = Symbol|Any CPU
		{7891FCE6-DB13-424C-8D10-4E7E816C5743}.Symbols4Debug|Any CPU.ActiveCfg = Symbols4Debug|Any CPU
		{7891FCE6-DB13-424C-8D10-4E7E816C5743}.Symbols4Debug|Any CPU.Build.0 = Symbols4Debug|Any CPU
		{7891FCE6-DB13-424C-8D10-4E7E816C5743}.Symbols4Debug|Mixed Platforms.ActiveCfg = Symbols4Debug|Any CPU
		{7891FCE6-DB13-424C-8D10-4E7E816C5743}.Symbols4Debug|Mixed Platforms.Build.0 = Symbols4Debug|Any CPU
		{7891FCE6-DB13-424C-8D10-4E7E816C5743}.Symbols4Debug|x86.ActiveCfg = Symbols4Debug|Any CPU
		{7891FCE6-DB13-424C-8D10-4E7E816C5743}.Symbols4Debug|x86.Build.0 = Symbols4Debug|Any CPU
		{7891FCE6-DB13-424C-8D10-4E7E816C5743}.test_release|Any CPU.ActiveCfg = test_release|Any CPU
		{7891FCE6-DB13-424C-8D10-4E7E816C5743}.test_release|Any CPU.Build.0 = test_release|Any CPU
		{7891FCE6-DB13-424C-8D10-4E7E816C5743}.test_release|Mixed Platforms.ActiveCfg = test_release|Any CPU
		{7891FCE6-DB13-424C-8D10-4E7E816C5743}.test_release|Mixed Platforms.Build.0 = test_release|Any CPU
		{7891FCE6-DB13-424C-8D10-4E7E816C5743}.test_release|x86.ActiveCfg = test_release|Any CPU
		{7891FCE6-DB13-424C-8D10-4E7E816C5743}.test_release|x86.Build.0 = test_release|Any CPU
		{7891FCE6-DB13-424C-8D10-4E7E816C5743}.TRIAL|Any CPU.ActiveCfg = Trial|Any CPU
		{7891FCE6-DB13-424C-8D10-4E7E816C5743}.TRIAL|Any CPU.Build.0 = Trial|Any CPU
		{7891FCE6-DB13-424C-8D10-4E7E816C5743}.TRIAL|Mixed Platforms.ActiveCfg = Trial|Any CPU
		{7891FCE6-DB13-424C-8D10-4E7E816C5743}.TRIAL|Mixed Platforms.Build.0 = Trial|Any CPU
		{7891FCE6-DB13-424C-8D10-4E7E816C5743}.TRIAL|x86.ActiveCfg = Trial|Any CPU
		{7891FCE6-DB13-424C-8D10-4E7E816C5743}.TRIAL|x86.Build.0 = Trial|Any CPU
		{7891FCE6-DB13-424C-8D10-4E7E816C5743}.Try|Any CPU.ActiveCfg = Trial|Any CPU
		{7891FCE6-DB13-424C-8D10-4E7E816C5743}.Try|Any CPU.Build.0 = Trial|Any CPU
		{7891FCE6-DB13-424C-8D10-4E7E816C5743}.Try|Mixed Platforms.ActiveCfg = Trial|Any CPU
		{7891FCE6-DB13-424C-8D10-4E7E816C5743}.Try|Mixed Platforms.Build.0 = Trial|Any CPU
		{7891FCE6-DB13-424C-8D10-4E7E816C5743}.Try|x86.ActiveCfg = Trial|Any CPU
		{7891FCE6-DB13-424C-8D10-4E7E816C5743}.Try|x86.Build.0 = Trial|Any CPU
		{7891FCE6-DB13-424C-8D10-4E7E816C5743}.TryR|Any CPU.ActiveCfg = Trial|Any CPU
		{7891FCE6-DB13-424C-8D10-4E7E816C5743}.TryR|Any CPU.Build.0 = Trial|Any CPU
		{7891FCE6-DB13-424C-8D10-4E7E816C5743}.TryR|Mixed Platforms.ActiveCfg = Trial|Any CPU
		{7891FCE6-DB13-424C-8D10-4E7E816C5743}.TryR|Mixed Platforms.Build.0 = Trial|Any CPU
		{7891FCE6-DB13-424C-8D10-4E7E816C5743}.TryR|x86.ActiveCfg = Trial|Any CPU
		{7891FCE6-DB13-424C-8D10-4E7E816C5743}.TryR|x86.Build.0 = Trial|Any CPU
		{0BF40E22-974E-409B-9675-943B6E155D48}._Temp|Any CPU.ActiveCfg = Debug|Any CPU
		{0BF40E22-974E-409B-9675-943B6E155D48}._Temp|Any CPU.Build.0 = Debug|Any CPU
		{0BF40E22-974E-409B-9675-943B6E155D48}._Temp|Mixed Platforms.ActiveCfg = Debug|Any CPU
		{0BF40E22-974E-409B-9675-943B6E155D48}._Temp|Mixed Platforms.Build.0 = Debug|Any CPU
		{0BF40E22-974E-409B-9675-943B6E155D48}._Temp|x86.ActiveCfg = Debug|Any CPU
		{0BF40E22-974E-409B-9675-943B6E155D48}._Temp|x86.Build.0 = Debug|Any CPU
		{0BF40E22-974E-409B-9675-943B6E155D48}.Debug|Any CPU.ActiveCfg = Debug|Any CPU
		{0BF40E22-974E-409B-9675-943B6E155D48}.Debug|Any CPU.Build.0 = Debug|Any CPU
		{0BF40E22-974E-409B-9675-943B6E155D48}.Debug|Mixed Platforms.ActiveCfg = Debug|Any CPU
		{0BF40E22-974E-409B-9675-943B6E155D48}.Debug|Mixed Platforms.Build.0 = Debug|Any CPU
		{0BF40E22-974E-409B-9675-943B6E155D48}.Debug|x86.ActiveCfg = Debug|Any CPU
		{0BF40E22-974E-409B-9675-943B6E155D48}.Debug|x86.Build.0 = Debug|Any CPU
		{0BF40E22-974E-409B-9675-943B6E155D48}.debug2pub|Any CPU.ActiveCfg = Debug|Any CPU
		{0BF40E22-974E-409B-9675-943B6E155D48}.debug2pub|Any CPU.Build.0 = Debug|Any CPU
		{0BF40E22-974E-409B-9675-943B6E155D48}.debug2pub|Mixed Platforms.ActiveCfg = Debug|Any CPU
		{0BF40E22-974E-409B-9675-943B6E155D48}.debug2pub|Mixed Platforms.Build.0 = Debug|Any CPU
		{0BF40E22-974E-409B-9675-943B6E155D48}.debug2pub|x86.ActiveCfg = Debug|Any CPU
		{0BF40E22-974E-409B-9675-943B6E155D48}.debug2pub|x86.Build.0 = Debug|Any CPU
		{0BF40E22-974E-409B-9675-943B6E155D48}.Dev2nuget|Any CPU.ActiveCfg = Dev2nuget|Any CPU
		{0BF40E22-974E-409B-9675-943B6E155D48}.Dev2nuget|Any CPU.Build.0 = Dev2nuget|Any CPU
		{0BF40E22-974E-409B-9675-943B6E155D48}.Dev2nuget|Mixed Platforms.ActiveCfg = Dev2nuget|Any CPU
		{0BF40E22-974E-409B-9675-943B6E155D48}.Dev2nuget|Mixed Platforms.Build.0 = Dev2nuget|Any CPU
		{0BF40E22-974E-409B-9675-943B6E155D48}.Dev2nuget|x86.ActiveCfg = Dev2nuget|Any CPU
		{0BF40E22-974E-409B-9675-943B6E155D48}.Dev2nuget|x86.Build.0 = Dev2nuget|Any CPU
		{0BF40E22-974E-409B-9675-943B6E155D48}.git|Any CPU.ActiveCfg = Debug|Any CPU
		{0BF40E22-974E-409B-9675-943B6E155D48}.git|Any CPU.Build.0 = Debug|Any CPU
		{0BF40E22-974E-409B-9675-943B6E155D48}.git|Mixed Platforms.ActiveCfg = Debug|Any CPU
		{0BF40E22-974E-409B-9675-943B6E155D48}.git|Mixed Platforms.Build.0 = Debug|Any CPU
		{0BF40E22-974E-409B-9675-943B6E155D48}.git|x86.ActiveCfg = Debug|Any CPU
		{0BF40E22-974E-409B-9675-943B6E155D48}.git|x86.Build.0 = Debug|Any CPU
		{0BF40E22-974E-409B-9675-943B6E155D48}.hbue__deptS_ccpOrg___release|Any CPU.ActiveCfg = Hbue40|Any CPU
		{0BF40E22-974E-409B-9675-943B6E155D48}.hbue__deptS_ccpOrg___release|Any CPU.Build.0 = Hbue40|Any CPU
		{0BF40E22-974E-409B-9675-943B6E155D48}.hbue__deptS_ccpOrg___release|Mixed Platforms.ActiveCfg = Hbue40|Any CPU
		{0BF40E22-974E-409B-9675-943B6E155D48}.hbue__deptS_ccpOrg___release|Mixed Platforms.Build.0 = Hbue40|Any CPU
		{0BF40E22-974E-409B-9675-943B6E155D48}.hbue__deptS_ccpOrg___release|x86.ActiveCfg = Hbue40|Any CPU
		{0BF40E22-974E-409B-9675-943B6E155D48}.hbue__deptS_ccpOrg___release|x86.Build.0 = Hbue40|Any CPU
		{0BF40E22-974E-409B-9675-943B6E155D48}.hbue__deptS_ccpOrg|Any CPU.ActiveCfg = Hbue40|Any CPU
		{0BF40E22-974E-409B-9675-943B6E155D48}.hbue__deptS_ccpOrg|Any CPU.Build.0 = Hbue40|Any CPU
		{0BF40E22-974E-409B-9675-943B6E155D48}.hbue__deptS_ccpOrg|Mixed Platforms.ActiveCfg = Hbue40|Any CPU
		{0BF40E22-974E-409B-9675-943B6E155D48}.hbue__deptS_ccpOrg|Mixed Platforms.Build.0 = Hbue40|Any CPU
		{0BF40E22-974E-409B-9675-943B6E155D48}.hbue__deptS_ccpOrg|x86.ActiveCfg = Hbue40|Any CPU
		{0BF40E22-974E-409B-9675-943B6E155D48}.hbue__deptS_ccpOrg|x86.Build.0 = Hbue40|Any CPU
		{0BF40E22-974E-409B-9675-943B6E155D48}.Hbue40|Any CPU.ActiveCfg = Hbue40|Any CPU
		{0BF40E22-974E-409B-9675-943B6E155D48}.Hbue40|Any CPU.Build.0 = Hbue40|Any CPU
		{0BF40E22-974E-409B-9675-943B6E155D48}.Hbue40|Mixed Platforms.ActiveCfg = Hbue40|Any CPU
		{0BF40E22-974E-409B-9675-943B6E155D48}.Hbue40|Mixed Platforms.Build.0 = Hbue40|Any CPU
		{0BF40E22-974E-409B-9675-943B6E155D48}.Hbue40|x86.ActiveCfg = Hbue40|Any CPU
		{0BF40E22-974E-409B-9675-943B6E155D48}.Hbue40|x86.Build.0 = Hbue40|Any CPU
		{0BF40E22-974E-409B-9675-943B6E155D48}.Nuget|Any CPU.ActiveCfg = Nuget|Any CPU
		{0BF40E22-974E-409B-9675-943B6E155D48}.Nuget|Any CPU.Build.0 = Nuget|Any CPU
		{0BF40E22-974E-409B-9675-943B6E155D48}.Nuget|Mixed Platforms.ActiveCfg = Nuget|Any CPU
		{0BF40E22-974E-409B-9675-943B6E155D48}.Nuget|Mixed Platforms.Build.0 = Nuget|Any CPU
		{0BF40E22-974E-409B-9675-943B6E155D48}.Nuget|x86.ActiveCfg = Nuget|Any CPU
		{0BF40E22-974E-409B-9675-943B6E155D48}.Nuget|x86.Build.0 = Nuget|Any CPU
		{0BF40E22-974E-409B-9675-943B6E155D48}.PreferChinese|Any CPU.ActiveCfg = PreferChinese|Any CPU
		{0BF40E22-974E-409B-9675-943B6E155D48}.PreferChinese|Any CPU.Build.0 = PreferChinese|Any CPU
		{0BF40E22-974E-409B-9675-943B6E155D48}.PreferChinese|Mixed Platforms.ActiveCfg = PreferChinese|Any CPU
		{0BF40E22-974E-409B-9675-943B6E155D48}.PreferChinese|Mixed Platforms.Build.0 = PreferChinese|Any CPU
		{0BF40E22-974E-409B-9675-943B6E155D48}.PreferChinese|x86.ActiveCfg = PreferChinese|Any CPU
		{0BF40E22-974E-409B-9675-943B6E155D48}.PreferChinese|x86.Build.0 = PreferChinese|Any CPU
		{0BF40E22-974E-409B-9675-943B6E155D48}.Release_PreferChinese|Any CPU.ActiveCfg = Release_PreferChinese|Any CPU
		{0BF40E22-974E-409B-9675-943B6E155D48}.Release_PreferChinese|Any CPU.Build.0 = Release_PreferChinese|Any CPU
		{0BF40E22-974E-409B-9675-943B6E155D48}.Release_PreferChinese|Mixed Platforms.ActiveCfg = Release_PreferChinese|Any CPU
		{0BF40E22-974E-409B-9675-943B6E155D48}.Release_PreferChinese|Mixed Platforms.Build.0 = Release_PreferChinese|Any CPU
		{0BF40E22-974E-409B-9675-943B6E155D48}.Release_PreferChinese|x86.ActiveCfg = Release_PreferChinese|Any CPU
		{0BF40E22-974E-409B-9675-943B6E155D48}.Release_PreferChinese|x86.Build.0 = Release_PreferChinese|Any CPU
		{0BF40E22-974E-409B-9675-943B6E155D48}.Release|Any CPU.ActiveCfg = Release|Any CPU
		{0BF40E22-974E-409B-9675-943B6E155D48}.Release|Any CPU.Build.0 = Release|Any CPU
		{0BF40E22-974E-409B-9675-943B6E155D48}.Release|Mixed Platforms.ActiveCfg = Release|Any CPU
		{0BF40E22-974E-409B-9675-943B6E155D48}.Release|Mixed Platforms.Build.0 = Release|Any CPU
		{0BF40E22-974E-409B-9675-943B6E155D48}.Release|x86.ActiveCfg = Release|Any CPU
		{0BF40E22-974E-409B-9675-943B6E155D48}.Release|x86.Build.0 = Release|Any CPU
		{0BF40E22-974E-409B-9675-943B6E155D48}.Sym2local|Any CPU.ActiveCfg = Sym2local|Any CPU
		{0BF40E22-974E-409B-9675-943B6E155D48}.Sym2local|Any CPU.Build.0 = Sym2local|Any CPU
		{0BF40E22-974E-409B-9675-943B6E155D48}.Sym2local|Mixed Platforms.ActiveCfg = Sym2local|Any CPU
		{0BF40E22-974E-409B-9675-943B6E155D48}.Sym2local|Mixed Platforms.Build.0 = Sym2local|Any CPU
		{0BF40E22-974E-409B-9675-943B6E155D48}.Sym2local|x86.ActiveCfg = Sym2local|Any CPU
		{0BF40E22-974E-409B-9675-943B6E155D48}.Sym2local|x86.Build.0 = Sym2local|Any CPU
		{0BF40E22-974E-409B-9675-943B6E155D48}.Sym2nuget|Any CPU.ActiveCfg = Sym2nuget|Any CPU
		{0BF40E22-974E-409B-9675-943B6E155D48}.Sym2nuget|Any CPU.Build.0 = Sym2nuget|Any CPU
		{0BF40E22-974E-409B-9675-943B6E155D48}.Sym2nuget|Mixed Platforms.ActiveCfg = Sym2nuget|Any CPU
		{0BF40E22-974E-409B-9675-943B6E155D48}.Sym2nuget|Mixed Platforms.Build.0 = Sym2nuget|Any CPU
		{0BF40E22-974E-409B-9675-943B6E155D48}.Sym2nuget|x86.ActiveCfg = Sym2nuget|Any CPU
		{0BF40E22-974E-409B-9675-943B6E155D48}.Sym2nuget|x86.Build.0 = Sym2nuget|Any CPU
		{0BF40E22-974E-409B-9675-943B6E155D48}.Symbol|Any CPU.ActiveCfg = Symbol|Any CPU
		{0BF40E22-974E-409B-9675-943B6E155D48}.Symbol|Any CPU.Build.0 = Symbol|Any CPU
		{0BF40E22-974E-409B-9675-943B6E155D48}.Symbol|Mixed Platforms.ActiveCfg = Symbol|Any CPU
		{0BF40E22-974E-409B-9675-943B6E155D48}.Symbol|Mixed Platforms.Build.0 = Symbol|Any CPU
		{0BF40E22-974E-409B-9675-943B6E155D48}.Symbol|x86.ActiveCfg = Symbol|Any CPU
		{0BF40E22-974E-409B-9675-943B6E155D48}.Symbol|x86.Build.0 = Symbol|Any CPU
		{0BF40E22-974E-409B-9675-943B6E155D48}.Symbols4Debug|Any CPU.ActiveCfg = Symbols4Debug|Any CPU
		{0BF40E22-974E-409B-9675-943B6E155D48}.Symbols4Debug|Any CPU.Build.0 = Symbols4Debug|Any CPU
		{0BF40E22-974E-409B-9675-943B6E155D48}.Symbols4Debug|Mixed Platforms.ActiveCfg = Symbols4Debug|Any CPU
		{0BF40E22-974E-409B-9675-943B6E155D48}.Symbols4Debug|Mixed Platforms.Build.0 = Symbols4Debug|Any CPU
		{0BF40E22-974E-409B-9675-943B6E155D48}.Symbols4Debug|x86.ActiveCfg = Symbols4Debug|Any CPU
		{0BF40E22-974E-409B-9675-943B6E155D48}.Symbols4Debug|x86.Build.0 = Symbols4Debug|Any CPU
		{0BF40E22-974E-409B-9675-943B6E155D48}.test_release|Any CPU.ActiveCfg = Debug|Any CPU
		{0BF40E22-974E-409B-9675-943B6E155D48}.test_release|Any CPU.Build.0 = Debug|Any CPU
		{0BF40E22-974E-409B-9675-943B6E155D48}.test_release|Mixed Platforms.ActiveCfg = Debug|Any CPU
		{0BF40E22-974E-409B-9675-943B6E155D48}.test_release|Mixed Platforms.Build.0 = Debug|Any CPU
		{0BF40E22-974E-409B-9675-943B6E155D48}.test_release|x86.ActiveCfg = Debug|Any CPU
		{0BF40E22-974E-409B-9675-943B6E155D48}.test_release|x86.Build.0 = Debug|Any CPU
		{0BF40E22-974E-409B-9675-943B6E155D48}.TRIAL|Any CPU.ActiveCfg = Debug|Any CPU
		{0BF40E22-974E-409B-9675-943B6E155D48}.TRIAL|Any CPU.Build.0 = Debug|Any CPU
		{0BF40E22-974E-409B-9675-943B6E155D48}.TRIAL|Mixed Platforms.ActiveCfg = Debug|Any CPU
		{0BF40E22-974E-409B-9675-943B6E155D48}.TRIAL|Mixed Platforms.Build.0 = Debug|Any CPU
		{0BF40E22-974E-409B-9675-943B6E155D48}.TRIAL|x86.ActiveCfg = Debug|Any CPU
		{0BF40E22-974E-409B-9675-943B6E155D48}.TRIAL|x86.Build.0 = Debug|Any CPU
		{0BF40E22-974E-409B-9675-943B6E155D48}.Try|Any CPU.ActiveCfg = Debug|Any CPU
		{0BF40E22-974E-409B-9675-943B6E155D48}.Try|Any CPU.Build.0 = Debug|Any CPU
		{0BF40E22-974E-409B-9675-943B6E155D48}.Try|Mixed Platforms.ActiveCfg = Debug|Any CPU
		{0BF40E22-974E-409B-9675-943B6E155D48}.Try|Mixed Platforms.Build.0 = Debug|Any CPU
		{0BF40E22-974E-409B-9675-943B6E155D48}.Try|x86.ActiveCfg = Debug|Any CPU
		{0BF40E22-974E-409B-9675-943B6E155D48}.Try|x86.Build.0 = Debug|Any CPU
		{0BF40E22-974E-409B-9675-943B6E155D48}.TryR|Any CPU.ActiveCfg = Debug|Any CPU
		{0BF40E22-974E-409B-9675-943B6E155D48}.TryR|Any CPU.Build.0 = Debug|Any CPU
		{0BF40E22-974E-409B-9675-943B6E155D48}.TryR|Mixed Platforms.ActiveCfg = Debug|Any CPU
		{0BF40E22-974E-409B-9675-943B6E155D48}.TryR|Mixed Platforms.Build.0 = Debug|Any CPU
		{0BF40E22-974E-409B-9675-943B6E155D48}.TryR|x86.ActiveCfg = Debug|Any CPU
		{0BF40E22-974E-409B-9675-943B6E155D48}.TryR|x86.Build.0 = Debug|Any CPU
	EndGlobalSection
	GlobalSection(SolutionProperties) = preSolution
		HideSolutionNode = FALSE
	EndGlobalSection
	GlobalSection(NestedProjects) = preSolution
		{ADB52F0B-7649-4869-B8EE-54E9866A4F66} = {28E300A6-D5C1-42AA-B55E-DF428577349B}
		{04F7924B-1268-4514-B3B7-EE563C7A8E15} = {ECD0B01B-087D-4CE5-ABF2-5610AC770CEB}
		{7891FCE6-DB13-424C-8D10-4E7E816C5743} = {ADB52F0B-7649-4869-B8EE-54E9866A4F66}
		{0BF40E22-974E-409B-9675-943B6E155D48} = {ADB52F0B-7649-4869-B8EE-54E9866A4F66}
		{ECD0B01B-087D-4CE5-ABF2-5610AC770CEB} = {ADB52F0B-7649-4869-B8EE-54E9866A4F66}
	EndGlobalSection
	GlobalSection(ExtensibilityGlobals) = postSolution
		SolutionGuid = {9B023424-8EEE-41D5-987B-49F0FF1479C3}
	EndGlobalSection
	GlobalSection(TestCaseManagementSettings) = postSolution
		CategoryFile = ..\..\nilnul.num.rational\nilnul.num.rational.vsmdi
	EndGlobalSection
	GlobalSection(TestCaseManagementSettings) = postSolution
		CategoryFile = ..\..\nilnul.num.rational\nilnul.num.rational.vsmdi
	EndGlobalSection
	GlobalSection(TestCaseManagementSettings) = postSolution
		CategoryFile = ..\..\nilnul.num.rational\nilnul.num.rational.vsmdi
	EndGlobalSection
	GlobalSection(TestCaseManagementSettings) = postSolution
		CategoryFile = ..\..\nilnul.num.rational\nilnul.num.rational.vsmdi
	EndGlobalSection
	GlobalSection(TestCaseManagementSettings) = postSolution
		CategoryFile = ..\..\nilnul.num.rational\nilnul.num.rational.vsmdi
	EndGlobalSection
	GlobalSection(TestCaseManagementSettings) = postSolution
		CategoryFile = ..\..\nilnul.num.rational\nilnul.num.rational.vsmdi
	EndGlobalSection
	GlobalSection(TestCaseManagementSettings) = postSolution
		CategoryFile = ..\..\nilnul.num.rational\nilnul.num.rational.vsmdi
	EndGlobalSection
	GlobalSection(TestCaseManagementSettings) = postSolution
		CategoryFile = ..\..\msn@mesh\develop(120409)\projs\nilnul.net.login\nilnul.net.login.vsmdi
	EndGlobalSection
	GlobalSection(TestCaseManagementSettings) = postSolution
		CategoryFile = ..\..\msn@mesh\develop(120409)\projs\nilnul.net.login\nilnul.net.login.vsmdi
	EndGlobalSection
	GlobalSection(TestCaseManagementSettings) = postSolution
		CategoryFile = ..\..\nilnul.num.rational\nilnul.num.rational.vsmdi
	EndGlobalSection
	GlobalSection(TestCaseManagementSettings) = postSolution
		CategoryFile = ..\..\nilnul.num.rational\nilnul.num.rational.vsmdi
	EndGlobalSection
	GlobalSection(TestCaseManagementSettings) = postSolution
		CategoryFile = ..\..\nilnul.num.rational\nilnul.num.rational.vsmdi
	EndGlobalSection
	GlobalSection(TestCaseManagementSettings) = postSolution
		CategoryFile = ..\..\nilnul.num.rational\nilnul.num.rational.vsmdi
	EndGlobalSection
	GlobalSection(TestCaseManagementSettings) = postSolution
		CategoryFile = ..\..\nilnul.num.rational\nilnul.num.rational.vsmdi
	EndGlobalSection
	GlobalSection(TestCaseManagementSettings) = postSolution
		CategoryFile = StronglyConnectedComponents.vsmdi
	EndGlobalSection
EndGlobal
